// !$*UTF8*$!
{
	archiveVersion = 1;
	classes = {
	};
	objectVersion = 51;
	objects = {

/* Begin PBXBuildFile section */
		7895E335747A9CF16BD81BB0 /* Pods_CareDirection.framework in Frameworks */ = {isa = PBXBuildFile; fileRef = 7C4E747B17BA1836E487C847 /* Pods_CareDirection.framework */; };
		7F033C8423B225DE00ABD866 /* SurveyInfo.storyboard in Resources */ = {isa = PBXBuildFile; fileRef = 7F033C8323B225DE00ABD866 /* SurveyInfo.storyboard */; };
		7F033C8623B239DE00ABD866 /* SurveyInfoVC.swift in Sources */ = {isa = PBXBuildFile; fileRef = 7F033C8523B239DE00ABD866 /* SurveyInfoVC.swift */; };
		7F537CD423B37C8000115A2B /* SurveyLifeStyleSecondPointVC.swift in Sources */ = {isa = PBXBuildFile; fileRef = 7F537CD323B37C8000115A2B /* SurveyLifeStyleSecondPointVC.swift */; };
		7F537CD623B3810000115A2B /* SurveyLifeStyleThirdPoint.storyboard in Resources */ = {isa = PBXBuildFile; fileRef = 7F537CD523B3810000115A2B /* SurveyLifeStyleThirdPoint.storyboard */; };
		7F537CD823B3864600115A2B /* SurveyLifeStyleThirdPointVC.swift in Sources */ = {isa = PBXBuildFile; fileRef = 7F537CD723B3864600115A2B /* SurveyLifeStyleThirdPointVC.swift */; };
		7F537CDA23B38EAB00115A2B /* SurveyLifeStyleLastPoint.storyboard in Resources */ = {isa = PBXBuildFile; fileRef = 7F537CD923B38EAB00115A2B /* SurveyLifeStyleLastPoint.storyboard */; };
		7F537CDD23B390EC00115A2B /* SurveyLifeStyleLastPointVC.swift in Sources */ = {isa = PBXBuildFile; fileRef = 7F537CDC23B390EC00115A2B /* SurveyLifeStyleLastPointVC.swift */; };
		7F537CE123B48C7700115A2B /* Product.storyboard in Resources */ = {isa = PBXBuildFile; fileRef = 7F537CE023B48C7700115A2B /* Product.storyboard */; };
		7F537CE323B4ABCE00115A2B /* ComponentProductVC.swift in Sources */ = {isa = PBXBuildFile; fileRef = 7F537CE223B4ABCE00115A2B /* ComponentProductVC.swift */; };
		7F537CE523B4AC5400115A2B /* ComponentProductCell.swift in Sources */ = {isa = PBXBuildFile; fileRef = 7F537CE423B4AC5400115A2B /* ComponentProductCell.swift */; };
		7F571A5623B767B900D892B2 /* ProductFunctionCVCell.swift in Sources */ = {isa = PBXBuildFile; fileRef = 7F571A5523B767B900D892B2 /* ProductFunctionCVCell.swift */; };
		7F571A5823B7776300D892B2 /* ProductComponentInfoTVCell.swift in Sources */ = {isa = PBXBuildFile; fileRef = 7F571A5723B7776300D892B2 /* ProductComponentInfoTVCell.swift */; };
		7F571A5A23B77F7700D892B2 /* ProductNoticeTVCell.swift in Sources */ = {isa = PBXBuildFile; fileRef = 7F571A5923B77F7700D892B2 /* ProductNoticeTVCell.swift */; };
		7F571A5C23B783B800D892B2 /* NaverLowestPriceInfoCVCell.swift in Sources */ = {isa = PBXBuildFile; fileRef = 7F571A5B23B783B800D892B2 /* NaverLowestPriceInfoCVCell.swift */; };
		7F571A5E23B7E22D00D892B2 /* ProductVC.swift in Sources */ = {isa = PBXBuildFile; fileRef = 7F571A5D23B7E22D00D892B2 /* ProductVC.swift */; };
		7F58ABFA23B6196B009126B9 /* ProductDetail.storyboard in Resources */ = {isa = PBXBuildFile; fileRef = 7F58ABF923B6196B009126B9 /* ProductDetail.storyboard */; };
		7F58AC1C23B74B37009126B9 /* ProductDetailVC.swift in Sources */ = {isa = PBXBuildFile; fileRef = 7F58AC1B23B74B37009126B9 /* ProductDetailVC.swift */; };
		7F5BE25023B8D64B00D2A70F /* SurveyLifeStyleFouthPoint.storyboard in Resources */ = {isa = PBXBuildFile; fileRef = 7F5BE24F23B8D64B00D2A70F /* SurveyLifeStyleFouthPoint.storyboard */; };
		7F5BE25223B8D93900D2A70F /* SurveyLifeStyleFouthPointVC.swift in Sources */ = {isa = PBXBuildFile; fileRef = 7F5BE25123B8D93900D2A70F /* SurveyLifeStyleFouthPointVC.swift */; };
		7F5BE25423B8F31100D2A70F /* AfterSurveyResgistTakingProduct.storyboard in Resources */ = {isa = PBXBuildFile; fileRef = 7F5BE25323B8F31100D2A70F /* AfterSurveyResgistTakingProduct.storyboard */; };
		7F5BE25623B901FD00D2A70F /* AfterSurveyResgistTakingProductVC.swift in Sources */ = {isa = PBXBuildFile; fileRef = 7F5BE25523B901FD00D2A70F /* AfterSurveyResgistTakingProductVC.swift */; };
		7F5BE25823B903E400D2A70F /* TakingProductCVCell.swift in Sources */ = {isa = PBXBuildFile; fileRef = 7F5BE25723B903E400D2A70F /* TakingProductCVCell.swift */; };
		7F5DD44E23BD42080002DCAC /* TakingProudctService.swift in Sources */ = {isa = PBXBuildFile; fileRef = 7F5DD44D23BD42080002DCAC /* TakingProudctService.swift */; };
		7F5DD45023BD57790002DCAC /* ProductTapService.swift in Sources */ = {isa = PBXBuildFile; fileRef = 7F5DD44F23BD57780002DCAC /* ProductTapService.swift */; };
		7F5DD45223BD590B0002DCAC /* ProductTapModel.swift in Sources */ = {isa = PBXBuildFile; fileRef = 7F5DD45123BD590B0002DCAC /* ProductTapModel.swift */; };
		7F5DD45423BD66220002DCAC /* ProductSearchModel.swift in Sources */ = {isa = PBXBuildFile; fileRef = 7F5DD45323BD66220002DCAC /* ProductSearchModel.swift */; };
		7F5DD45623BD84300002DCAC /* ProductDetail.swift in Sources */ = {isa = PBXBuildFile; fileRef = 7F5DD45523BD84300002DCAC /* ProductDetail.swift */; };
		7F5DD45823BE09970002DCAC /* ProductEfficacy.swift in Sources */ = {isa = PBXBuildFile; fileRef = 7F5DD45723BE09970002DCAC /* ProductEfficacy.swift */; };
		7F5DD45A23BE0ED80002DCAC /* ProductLowerPrice.swift in Sources */ = {isa = PBXBuildFile; fileRef = 7F5DD45923BE0ED80002DCAC /* ProductLowerPrice.swift */; };
		7F5DD45C23BE2C930002DCAC /* ProductStandard.swift in Sources */ = {isa = PBXBuildFile; fileRef = 7F5DD45B23BE2C930002DCAC /* ProductStandard.swift */; };
		7F626B7423B934C2005A4D36 /* ProductSearch.storyboard in Resources */ = {isa = PBXBuildFile; fileRef = 7F626B7323B934C2005A4D36 /* ProductSearch.storyboard */; };
		7F626B7623B941E7005A4D36 /* ProductSearchVC.swift in Sources */ = {isa = PBXBuildFile; fileRef = 7F626B7523B941E7005A4D36 /* ProductSearchVC.swift */; };
		7F626B7823B94E39005A4D36 /* NewProductResgistCell.swift in Sources */ = {isa = PBXBuildFile; fileRef = 7F626B7723B94E39005A4D36 /* NewProductResgistCell.swift */; };
		7F626B7A23BA332F005A4D36 /* TakingProductInfo.storyboard in Resources */ = {isa = PBXBuildFile; fileRef = 7F626B7923BA332F005A4D36 /* TakingProductInfo.storyboard */; };
		7F626B7C23BA3C3F005A4D36 /* TakingProductInfoVC.swift in Sources */ = {isa = PBXBuildFile; fileRef = 7F626B7B23BA3C3F005A4D36 /* TakingProductInfoVC.swift */; };
		7F626BC023BA649B005A4D36 /* TopTapBarVC.swift in Sources */ = {isa = PBXBuildFile; fileRef = 7F626BBF23BA649B005A4D36 /* TopTapBarVC.swift */; };
		7F626BC223BA6548005A4D36 /* TopTabBarResultVC.swift in Sources */ = {isa = PBXBuildFile; fileRef = 7F626BC123BA6548005A4D36 /* TopTabBarResultVC.swift */; };
		7F626BC423BA844E005A4D36 /* BestProductTVCell.swift in Sources */ = {isa = PBXBuildFile; fileRef = 7F626BC323BA844E005A4D36 /* BestProductTVCell.swift */; };
		7F90F49423BA958E008D874F /* TopTabBarCVCell.swift in Sources */ = {isa = PBXBuildFile; fileRef = 7F90F49323BA958E008D874F /* TopTabBarCVCell.swift */; };
		7F90F49623BB4F5B008D874F /* FilterPopUpVC.swift in Sources */ = {isa = PBXBuildFile; fileRef = 7F90F49523BB4F5B008D874F /* FilterPopUpVC.swift */; };
		7F90F49823BB75D5008D874F /* ComponentInSearchVC.swift in Sources */ = {isa = PBXBuildFile; fileRef = 7F90F49723BB75D5008D874F /* ComponentInSearchVC.swift */; };
		7F90F49A23BB77D9008D874F /* ComponentInSearchResultTVCell.swift in Sources */ = {isa = PBXBuildFile; fileRef = 7F90F49923BB77D9008D874F /* ComponentInSearchResultTVCell.swift */; };
		7F90F49C23BBE260008D874F /* ComponentCategoryPopUpVC.swift in Sources */ = {isa = PBXBuildFile; fileRef = 7F90F49B23BBE260008D874F /* ComponentCategoryPopUpVC.swift */; };
		7F90F4A023BCB4AB008D874F /* SurveyService.swift in Sources */ = {isa = PBXBuildFile; fileRef = 7F90F49F23BCB4AB008D874F /* SurveyService.swift */; };
		7FC773A623B31CFD00449239 /* SurveySymptom.storyboard in Resources */ = {isa = PBXBuildFile; fileRef = 7FC773A523B31CFD00449239 /* SurveySymptom.storyboard */; };
		7FC773A823B32E3E00449239 /* SurveySymptomCell.swift in Sources */ = {isa = PBXBuildFile; fileRef = 7FC773A723B32E3E00449239 /* SurveySymptomCell.swift */; };
		7FC773AA23B32E6E00449239 /* SurveySymptomVC.swift in Sources */ = {isa = PBXBuildFile; fileRef = 7FC773A923B32E6E00449239 /* SurveySymptomVC.swift */; };
		7FC773AC23B349E100449239 /* SurveyLifeStyleEntry.storyboard in Resources */ = {isa = PBXBuildFile; fileRef = 7FC773AB23B349E100449239 /* SurveyLifeStyleEntry.storyboard */; };
		7FC773B023B354B400449239 /* SurveyLifeStyleEntryVC.swift in Sources */ = {isa = PBXBuildFile; fileRef = 7FC773AF23B354B400449239 /* SurveyLifeStyleEntryVC.swift */; };
		7FC773B223B3554C00449239 /* SurveyLifeStyleFirstPoint.storyboard in Resources */ = {isa = PBXBuildFile; fileRef = 7FC773B123B3554C00449239 /* SurveyLifeStyleFirstPoint.storyboard */; };
		7FC773B423B3673600449239 /* SurveyLifeStyleFirstPointVC.swift in Sources */ = {isa = PBXBuildFile; fileRef = 7FC773B323B3673600449239 /* SurveyLifeStyleFirstPointVC.swift */; };
		7FC773B623B3748D00449239 /* SurveyLifeStyleSecondPoint.storyboard in Resources */ = {isa = PBXBuildFile; fileRef = 7FC773B523B3748D00449239 /* SurveyLifeStyleSecondPoint.storyboard */; };
		7FCCEAC623B2BCFE00F832B8 /* SurveyDiseaseVC.swift in Sources */ = {isa = PBXBuildFile; fileRef = 7FCCEAC523B2BCFE00F832B8 /* SurveyDiseaseVC.swift */; };
		7FCCEAC823B2C65400F832B8 /* SurveyDiseaseCell.swift in Sources */ = {isa = PBXBuildFile; fileRef = 7FCCEAC723B2C65400F832B8 /* SurveyDiseaseCell.swift */; };
		7FF1F00C23BE9281009A32B2 /* TakingProductList.swift in Sources */ = {isa = PBXBuildFile; fileRef = 7FF1F00B23BE9281009A32B2 /* TakingProductList.swift */; };
		7FF1F00E23BE9D91009A32B2 /* TakingProductSearchList.swift in Sources */ = {isa = PBXBuildFile; fileRef = 7FF1F00D23BE9D91009A32B2 /* TakingProductSearchList.swift */; };
		7FF1F01023BEA08D009A32B2 /* TakingProductSearchResultTVCell.swift in Sources */ = {isa = PBXBuildFile; fileRef = 7FF1F00F23BEA08D009A32B2 /* TakingProductSearchResultTVCell.swift */; };
		7FF1F01223BEB5C9009A32B2 /* SimpleProductResult.swift in Sources */ = {isa = PBXBuildFile; fileRef = 7FF1F01123BEB5C9009A32B2 /* SimpleProductResult.swift */; };
		F41F391523BA4D0200F4BD89 /* ArticleTitleCell.swift in Sources */ = {isa = PBXBuildFile; fileRef = F41F391423BA4D0200F4BD89 /* ArticleTitleCell.swift */; };
		F41F391723BA4D1500F4BD89 /* ArticleImageCell.swift in Sources */ = {isa = PBXBuildFile; fileRef = F41F391623BA4D1500F4BD89 /* ArticleImageCell.swift */; };
		F41F391B23BA4D4000F4BD89 /* ArticleSecondContentCell.swift in Sources */ = {isa = PBXBuildFile; fileRef = F41F391A23BA4D4000F4BD89 /* ArticleSecondContentCell.swift */; };
		F41F391D23BA4D6000F4BD89 /* ArticleFirstContentCell.swift in Sources */ = {isa = PBXBuildFile; fileRef = F41F391C23BA4D6000F4BD89 /* ArticleFirstContentCell.swift */; };
		F41F392123BA530000F4BD89 /* TakingProductPopUp.storyboard in Resources */ = {isa = PBXBuildFile; fileRef = F41F392023BA530000F4BD89 /* TakingProductPopUp.storyboard */; };
		F41F392323BA532700F4BD89 /* TakingProductPopUpVC.swift in Sources */ = {isa = PBXBuildFile; fileRef = F41F392223BA532700F4BD89 /* TakingProductPopUpVC.swift */; };
		F44C3EB123B87D5B004F829A /* IngredientNameCell.swift in Sources */ = {isa = PBXBuildFile; fileRef = F44C3EB023B87D5B004F829A /* IngredientNameCell.swift */; };
		F44C3EB323B87D6B004F829A /* IngredientImageCell.swift in Sources */ = {isa = PBXBuildFile; fileRef = F44C3EB223B87D6B004F829A /* IngredientImageCell.swift */; };
		F44C3EB523B87D7F004F829A /* IngredientExplainCell.swift in Sources */ = {isa = PBXBuildFile; fileRef = F44C3EB423B87D7F004F829A /* IngredientExplainCell.swift */; };
		F44C3EB723B87FE1004F829A /* SymptomVC.swift in Sources */ = {isa = PBXBuildFile; fileRef = F44C3EB623B87FE1004F829A /* SymptomVC.swift */; };
		F44C3EBD23B89F40004F829A /* IngredientStudyVC.swift in Sources */ = {isa = PBXBuildFile; fileRef = F44C3EBC23B89F40004F829A /* IngredientStudyVC.swift */; };
		F44C3EBF23B8A552004F829A /* Article.swift in Sources */ = {isa = PBXBuildFile; fileRef = F44C3EBE23B8A552004F829A /* Article.swift */; };
		F44C3EC123B8A709004F829A /* IngredientStudyCell.swift in Sources */ = {isa = PBXBuildFile; fileRef = F44C3EC023B8A709004F829A /* IngredientStudyCell.swift */; };
		F44C3EC323B8A81A004F829A /* Ingredient.swift in Sources */ = {isa = PBXBuildFile; fileRef = F44C3EC223B8A81A004F829A /* Ingredient.swift */; };
		F44C3EC523B8A87B004F829A /* ArticleCell.swift in Sources */ = {isa = PBXBuildFile; fileRef = F44C3EC423B8A87B004F829A /* ArticleCell.swift */; };
		F44C3EC723B8BD9A004F829A /* ArticleDetailVC.swift in Sources */ = {isa = PBXBuildFile; fileRef = F44C3EC623B8BD9A004F829A /* ArticleDetailVC.swift */; };
		F464828023B3673400F63712 /* Signup.storyboard in Resources */ = {isa = PBXBuildFile; fileRef = F464827F23B3673400F63712 /* Signup.storyboard */; };
		F464828223B36B8500F63712 /* SignupVC.swift in Sources */ = {isa = PBXBuildFile; fileRef = F464828123B36B8500F63712 /* SignupVC.swift */; };
		F464828A23B3F41F00F63712 /* HomeVC.swift in Sources */ = {isa = PBXBuildFile; fileRef = F464828923B3F41F00F63712 /* HomeVC.swift */; };
		F464828C23B3F64B00F63712 /* ProductCell.swift in Sources */ = {isa = PBXBuildFile; fileRef = F464828B23B3F64B00F63712 /* ProductCell.swift */; };
		F464828E23B3F8B100F63712 /* Product.swift in Sources */ = {isa = PBXBuildFile; fileRef = F464828D23B3F8B100F63712 /* Product.swift */; };
		F464829A23B4BE3200F63712 /* User.swift in Sources */ = {isa = PBXBuildFile; fileRef = F464829923B4BE3100F63712 /* User.swift */; };
		F464829C23B4BE8000F63712 /* UserCell.swift in Sources */ = {isa = PBXBuildFile; fileRef = F464829B23B4BE8000F63712 /* UserCell.swift */; };
		F46482A023B4DF6A00F63712 /* SelfSizedTableView.swift in Sources */ = {isa = PBXBuildFile; fileRef = F464829F23B4DF6A00F63712 /* SelfSizedTableView.swift */; };
		F47860BB23BAF110003D11D1 /* SymptomCategoryCell.swift in Sources */ = {isa = PBXBuildFile; fileRef = F47860BA23BAF110003D11D1 /* SymptomCategoryCell.swift */; };
		F47860BD23BAF231003D11D1 /* Symptom.swift in Sources */ = {isa = PBXBuildFile; fileRef = F47860BC23BAF231003D11D1 /* Symptom.swift */; };
		F47860BF23BAF3CB003D11D1 /* SymptomCell.swift in Sources */ = {isa = PBXBuildFile; fileRef = F47860BE23BAF3CB003D11D1 /* SymptomCell.swift */; };
		F47860C123BAF790003D11D1 /* SymptomImageCell.swift in Sources */ = {isa = PBXBuildFile; fileRef = F47860C023BAF790003D11D1 /* SymptomImageCell.swift */; };
		F47860C323BAF7A3003D11D1 /* SymptomDetailCell.swift in Sources */ = {isa = PBXBuildFile; fileRef = F47860C223BAF7A3003D11D1 /* SymptomDetailCell.swift */; };
		F47860C523BB6DA2003D11D1 /* APIConstants.swift in Sources */ = {isa = PBXBuildFile; fileRef = F47860C423BB6DA2003D11D1 /* APIConstants.swift */; };
		F47860C723BB6F78003D11D1 /* ResponseString.swift in Sources */ = {isa = PBXBuildFile; fileRef = F47860C623BB6F78003D11D1 /* ResponseString.swift */; };
		F47860C923BB6FF7003D11D1 /* ResponseDefault.swift in Sources */ = {isa = PBXBuildFile; fileRef = F47860C823BB6FF7003D11D1 /* ResponseDefault.swift */; };
		F47860CB23BB7063003D11D1 /* AuthService.swift in Sources */ = {isa = PBXBuildFile; fileRef = F47860CA23BB7063003D11D1 /* AuthService.swift */; };
		F47860CD23BB715F003D11D1 /* NetworkResult.swift in Sources */ = {isa = PBXBuildFile; fileRef = F47860CC23BB715F003D11D1 /* NetworkResult.swift */; };
		F47860CF23BC95E9003D11D1 /* ResponseString2.swift in Sources */ = {isa = PBXBuildFile; fileRef = F47860CE23BC95E9003D11D1 /* ResponseString2.swift */; };
		F47860D523BCD904003D11D1 /* FunctionalIngeredientCell2.swift in Sources */ = {isa = PBXBuildFile; fileRef = F47860D423BCD904003D11D1 /* FunctionalIngeredientCell2.swift */; };
		F47860D723BCF5E3003D11D1 /* ResponseArray.swift in Sources */ = {isa = PBXBuildFile; fileRef = F47860D623BCF5E3003D11D1 /* ResponseArray.swift */; };
		F47860D923BCF6C5003D11D1 /* ChartService.swift in Sources */ = {isa = PBXBuildFile; fileRef = F47860D823BCF6C5003D11D1 /* ChartService.swift */; };
		F47860DB23BD4266003D11D1 /* Efficacy.swift in Sources */ = {isa = PBXBuildFile; fileRef = F47860DA23BD4266003D11D1 /* Efficacy.swift */; };
		F47860DD23BD4312003D11D1 /* EfficacyService.swift in Sources */ = {isa = PBXBuildFile; fileRef = F47860DC23BD4312003D11D1 /* EfficacyService.swift */; };
		F47860DF23BD8446003D11D1 /* FunctionService.swift in Sources */ = {isa = PBXBuildFile; fileRef = F47860DE23BD8446003D11D1 /* FunctionService.swift */; };
		F47860E123BD88DE003D11D1 /* ResponseNutrient.swift in Sources */ = {isa = PBXBuildFile; fileRef = F47860E023BD88DE003D11D1 /* ResponseNutrient.swift */; };
		F47860E323BD8B91003D11D1 /* ArticleSevice.swift in Sources */ = {isa = PBXBuildFile; fileRef = F47860E223BD8B91003D11D1 /* ArticleSevice.swift */; };
		F47860E523BD9E06003D11D1 /* NutrientService.swift in Sources */ = {isa = PBXBuildFile; fileRef = F47860E423BD9E06003D11D1 /* NutrientService.swift */; };
		F47860E723BDFEB8003D11D1 /* ResponseArticle.swift in Sources */ = {isa = PBXBuildFile; fileRef = F47860E623BDFEB8003D11D1 /* ResponseArticle.swift */; };
		F492FB4623B215B200FE5D11 /* AppDelegate.swift in Sources */ = {isa = PBXBuildFile; fileRef = F492FB4523B215B200FE5D11 /* AppDelegate.swift */; };
		F492FB4823B215B200FE5D11 /* SceneDelegate.swift in Sources */ = {isa = PBXBuildFile; fileRef = F492FB4723B215B200FE5D11 /* SceneDelegate.swift */; };
		F492FB4A23B215B200FE5D11 /* ViewController.swift in Sources */ = {isa = PBXBuildFile; fileRef = F492FB4923B215B200FE5D11 /* ViewController.swift */; };
		F492FB4D23B215B200FE5D11 /* Main.storyboard in Resources */ = {isa = PBXBuildFile; fileRef = F492FB4B23B215B200FE5D11 /* Main.storyboard */; };
		F492FB4F23B215B300FE5D11 /* Assets.xcassets in Resources */ = {isa = PBXBuildFile; fileRef = F492FB4E23B215B300FE5D11 /* Assets.xcassets */; };
		F492FB5223B215B300FE5D11 /* LaunchScreen.storyboard in Resources */ = {isa = PBXBuildFile; fileRef = F492FB5023B215B300FE5D11 /* LaunchScreen.storyboard */; };
		F492FB6123B216A100FE5D11 /* UIView+Extensions.swift in Sources */ = {isa = PBXBuildFile; fileRef = F492FB6023B216A100FE5D11 /* UIView+Extensions.swift */; };
		F492FB6323B216C900FE5D11 /* UIViewController+Extensions.swift in Sources */ = {isa = PBXBuildFile; fileRef = F492FB6223B216C900FE5D11 /* UIViewController+Extensions.swift */; };
		F492FB6523B216FE00FE5D11 /* UIColor+Extensions.swift in Sources */ = {isa = PBXBuildFile; fileRef = F492FB6423B216FE00FE5D11 /* UIColor+Extensions.swift */; };
		F492FB6723B217E600FE5D11 /* UIImageView+Extensions.swift in Sources */ = {isa = PBXBuildFile; fileRef = F492FB6623B217E600FE5D11 /* UIImageView+Extensions.swift */; };
		F492FB6D23B2412900FE5D11 /* Survey.storyboard in Resources */ = {isa = PBXBuildFile; fileRef = F492FB6C23B2412900FE5D11 /* Survey.storyboard */; };
		F492FB6F23B2449F00FE5D11 /* SurveyVC.swift in Sources */ = {isa = PBXBuildFile; fileRef = F492FB6E23B2449F00FE5D11 /* SurveyVC.swift */; };
		F492FB7123B2469C00FE5D11 /* SurveyDisease.storyboard in Resources */ = {isa = PBXBuildFile; fileRef = F492FB7023B2469C00FE5D11 /* SurveyDisease.storyboard */; };
		F492FB8123B33C9E00FE5D11 /* Login.storyboard in Resources */ = {isa = PBXBuildFile; fileRef = F492FB8023B33C9E00FE5D11 /* Login.storyboard */; };
		F492FB8323B340D000FE5D11 /* LoginVC.swift in Sources */ = {isa = PBXBuildFile; fileRef = F492FB8223B340D000FE5D11 /* LoginVC.swift */; };
		F492FB8523B35B3F00FE5D11 /* Home.storyboard in Resources */ = {isa = PBXBuildFile; fileRef = F492FB8423B35B3F00FE5D11 /* Home.storyboard */; };
		F4DC232B23B5548600A72919 /* SurveyFin.storyboard in Resources */ = {isa = PBXBuildFile; fileRef = F4DC232A23B5548600A72919 /* SurveyFin.storyboard */; };
		F4DC232D23B555ED00A72919 /* SurveyFin.swift in Sources */ = {isa = PBXBuildFile; fileRef = F4DC232C23B555ED00A72919 /* SurveyFin.swift */; };
		F4DC232F23B57AE500A72919 /* TakingProductRegist.storyboard in Resources */ = {isa = PBXBuildFile; fileRef = F4DC232E23B57AE500A72919 /* TakingProductRegist.storyboard */; };
		F4DC233123B60C5C00A72919 /* TakingProductRegistVC.swift in Sources */ = {isa = PBXBuildFile; fileRef = F4DC233023B60C5C00A72919 /* TakingProductRegistVC.swift */; };
		F4DC233323B628C600A72919 /* TakingProduct.swift in Sources */ = {isa = PBXBuildFile; fileRef = F4DC233223B628C600A72919 /* TakingProduct.swift */; };
		F4DC233523B62AF300A72919 /* TakingProductRegistCell.swift in Sources */ = {isa = PBXBuildFile; fileRef = F4DC233423B62AF300A72919 /* TakingProductRegistCell.swift */; };
		F4DC233723B6392F00A72919 /* AddTakingProductRegistCell.swift in Sources */ = {isa = PBXBuildFile; fileRef = F4DC233623B6392F00A72919 /* AddTakingProductRegistCell.swift */; };
		F4DC233923B6F5A000A72919 /* IngredientStudy.storyboard in Resources */ = {isa = PBXBuildFile; fileRef = F4DC233823B6F5A000A72919 /* IngredientStudy.storyboard */; };
		F4DC233F23B7334900A72919 /* Ingredient.storyboard in Resources */ = {isa = PBXBuildFile; fileRef = F4DC233E23B7334800A72919 /* Ingredient.storyboard */; };
		F4DC234123B73CE800A72919 /* IngredientDetailVC.swift in Sources */ = {isa = PBXBuildFile; fileRef = F4DC234023B73CE800A72919 /* IngredientDetailVC.swift */; };
		F4DC234323B73EAE00A72919 /* Symptom.storyboard in Resources */ = {isa = PBXBuildFile; fileRef = F4DC234223B73EAE00A72919 /* Symptom.storyboard */; };
		F4DC234523B7435900A72919 /* Article.storyboard in Resources */ = {isa = PBXBuildFile; fileRef = F4DC234423B7435900A72919 /* Article.storyboard */; };
		F4DC234723B77A2700A72919 /* StandardDetail.storyboard in Resources */ = {isa = PBXBuildFile; fileRef = F4DC234623B77A2700A72919 /* StandardDetail.storyboard */; };
		F4DC234923B7875700A72919 /* StandardDetailVC.swift in Sources */ = {isa = PBXBuildFile; fileRef = F4DC234823B7875700A72919 /* StandardDetailVC.swift */; };
		F4DC234B23B789F500A72919 /* FunctionDetail.storyboard in Resources */ = {isa = PBXBuildFile; fileRef = F4DC234A23B789F500A72919 /* FunctionDetail.storyboard */; };
		F4DC234D23B7923E00A72919 /* FunctionDetailVC.swift in Sources */ = {isa = PBXBuildFile; fileRef = F4DC234C23B7923E00A72919 /* FunctionDetailVC.swift */; };
		F4DC234F23B7BD4200A72919 /* CustomImageView.swift in Sources */ = {isa = PBXBuildFile; fileRef = F4DC234E23B7BD4200A72919 /* CustomImageView.swift */; };
		F4DC235123B8509200A72919 /* CALayer+Extensions.swift in Sources */ = {isa = PBXBuildFile; fileRef = F4DC235023B8509200A72919 /* CALayer+Extensions.swift */; };
		F4DFE47B23B8F01600711C26 /* HomeTestVC.swift in Sources */ = {isa = PBXBuildFile; fileRef = F4DFE47A23B8F01600711C26 /* HomeTestVC.swift */; };
		F4DFE47D23B8F9AC00711C26 /* ChartView.swift in Sources */ = {isa = PBXBuildFile; fileRef = F4DFE47C23B8F9AC00711C26 /* ChartView.swift */; };
		F4DFE47F23B8FA1600711C26 /* Chart.swift in Sources */ = {isa = PBXBuildFile; fileRef = F4DFE47E23B8FA1600711C26 /* Chart.swift */; };
		F4DFE48123B9562A00711C26 /* Setting.storyboard in Resources */ = {isa = PBXBuildFile; fileRef = F4DFE48023B9562A00711C26 /* Setting.storyboard */; };
		F4DFE48323B95E6C00711C26 /* SettingVC.swift in Sources */ = {isa = PBXBuildFile; fileRef = F4DFE48223B95E6B00711C26 /* SettingVC.swift */; };
		F4DFE48523B961AC00711C26 /* Edit.storyboard in Resources */ = {isa = PBXBuildFile; fileRef = F4DFE48423B961AC00711C26 /* Edit.storyboard */; };
		F4DFE48723B9660B00711C26 /* EditVC.swift in Sources */ = {isa = PBXBuildFile; fileRef = F4DFE48623B9660B00711C26 /* EditVC.swift */; };
		F4DFE48923B9DB6600711C26 /* FunctionalIngredient.swift in Sources */ = {isa = PBXBuildFile; fileRef = F4DFE48823B9DB6600711C26 /* FunctionalIngredient.swift */; };
		F4DFE48D23B9DBFB00711C26 /* FunctionalIngredientCell.swift in Sources */ = {isa = PBXBuildFile; fileRef = F4DFE48C23B9DBFB00711C26 /* FunctionalIngredientCell.swift */; };
		F4DFE49123B9FC4B00711C26 /* StandardDetailCell.swift in Sources */ = {isa = PBXBuildFile; fileRef = F4DFE49023B9FC4B00711C26 /* StandardDetailCell.swift */; };
/* End PBXBuildFile section */

/* Begin PBXFileReference section */
		4A39791A4DB28D8A95440297 /* Pods-CareDirection.release.xcconfig */ = {isa = PBXFileReference; includeInIndex = 1; lastKnownFileType = text.xcconfig; name = "Pods-CareDirection.release.xcconfig"; path = "Target Support Files/Pods-CareDirection/Pods-CareDirection.release.xcconfig"; sourceTree = "<group>"; };
		7261AFEDA7F414A722F6F33D /* Pods-CareDirection.debug.xcconfig */ = {isa = PBXFileReference; includeInIndex = 1; lastKnownFileType = text.xcconfig; name = "Pods-CareDirection.debug.xcconfig"; path = "Target Support Files/Pods-CareDirection/Pods-CareDirection.debug.xcconfig"; sourceTree = "<group>"; };
		7C4E747B17BA1836E487C847 /* Pods_CareDirection.framework */ = {isa = PBXFileReference; explicitFileType = wrapper.framework; includeInIndex = 0; path = Pods_CareDirection.framework; sourceTree = BUILT_PRODUCTS_DIR; };
		7F033C8323B225DE00ABD866 /* SurveyInfo.storyboard */ = {isa = PBXFileReference; lastKnownFileType = file.storyboard; path = SurveyInfo.storyboard; sourceTree = "<group>"; };
		7F033C8523B239DE00ABD866 /* SurveyInfoVC.swift */ = {isa = PBXFileReference; lastKnownFileType = sourcecode.swift; path = SurveyInfoVC.swift; sourceTree = "<group>"; };
		7F537CD323B37C8000115A2B /* SurveyLifeStyleSecondPointVC.swift */ = {isa = PBXFileReference; lastKnownFileType = sourcecode.swift; path = SurveyLifeStyleSecondPointVC.swift; sourceTree = "<group>"; };
		7F537CD523B3810000115A2B /* SurveyLifeStyleThirdPoint.storyboard */ = {isa = PBXFileReference; lastKnownFileType = file.storyboard; path = SurveyLifeStyleThirdPoint.storyboard; sourceTree = "<group>"; };
		7F537CD723B3864600115A2B /* SurveyLifeStyleThirdPointVC.swift */ = {isa = PBXFileReference; lastKnownFileType = sourcecode.swift; path = SurveyLifeStyleThirdPointVC.swift; sourceTree = "<group>"; };
		7F537CD923B38EAB00115A2B /* SurveyLifeStyleLastPoint.storyboard */ = {isa = PBXFileReference; lastKnownFileType = file.storyboard; path = SurveyLifeStyleLastPoint.storyboard; sourceTree = "<group>"; };
		7F537CDC23B390EC00115A2B /* SurveyLifeStyleLastPointVC.swift */ = {isa = PBXFileReference; lastKnownFileType = sourcecode.swift; path = SurveyLifeStyleLastPointVC.swift; sourceTree = "<group>"; };
		7F537CE023B48C7700115A2B /* Product.storyboard */ = {isa = PBXFileReference; lastKnownFileType = file.storyboard; path = Product.storyboard; sourceTree = "<group>"; };
		7F537CE223B4ABCE00115A2B /* ComponentProductVC.swift */ = {isa = PBXFileReference; lastKnownFileType = sourcecode.swift; path = ComponentProductVC.swift; sourceTree = "<group>"; };
		7F537CE423B4AC5400115A2B /* ComponentProductCell.swift */ = {isa = PBXFileReference; lastKnownFileType = sourcecode.swift; path = ComponentProductCell.swift; sourceTree = "<group>"; };
		7F571A5523B767B900D892B2 /* ProductFunctionCVCell.swift */ = {isa = PBXFileReference; lastKnownFileType = sourcecode.swift; path = ProductFunctionCVCell.swift; sourceTree = "<group>"; };
		7F571A5723B7776300D892B2 /* ProductComponentInfoTVCell.swift */ = {isa = PBXFileReference; lastKnownFileType = sourcecode.swift; path = ProductComponentInfoTVCell.swift; sourceTree = "<group>"; };
		7F571A5923B77F7700D892B2 /* ProductNoticeTVCell.swift */ = {isa = PBXFileReference; lastKnownFileType = sourcecode.swift; path = ProductNoticeTVCell.swift; sourceTree = "<group>"; };
		7F571A5B23B783B800D892B2 /* NaverLowestPriceInfoCVCell.swift */ = {isa = PBXFileReference; lastKnownFileType = sourcecode.swift; path = NaverLowestPriceInfoCVCell.swift; sourceTree = "<group>"; };
		7F571A5D23B7E22D00D892B2 /* ProductVC.swift */ = {isa = PBXFileReference; lastKnownFileType = sourcecode.swift; path = ProductVC.swift; sourceTree = "<group>"; };
		7F58ABF923B6196B009126B9 /* ProductDetail.storyboard */ = {isa = PBXFileReference; lastKnownFileType = file.storyboard; path = ProductDetail.storyboard; sourceTree = "<group>"; };
		7F58AC1B23B74B37009126B9 /* ProductDetailVC.swift */ = {isa = PBXFileReference; lastKnownFileType = sourcecode.swift; path = ProductDetailVC.swift; sourceTree = "<group>"; };
		7F5BE24F23B8D64B00D2A70F /* SurveyLifeStyleFouthPoint.storyboard */ = {isa = PBXFileReference; lastKnownFileType = file.storyboard; path = SurveyLifeStyleFouthPoint.storyboard; sourceTree = "<group>"; };
		7F5BE25123B8D93900D2A70F /* SurveyLifeStyleFouthPointVC.swift */ = {isa = PBXFileReference; lastKnownFileType = sourcecode.swift; path = SurveyLifeStyleFouthPointVC.swift; sourceTree = "<group>"; };
		7F5BE25323B8F31100D2A70F /* AfterSurveyResgistTakingProduct.storyboard */ = {isa = PBXFileReference; lastKnownFileType = file.storyboard; path = AfterSurveyResgistTakingProduct.storyboard; sourceTree = "<group>"; };
		7F5BE25523B901FD00D2A70F /* AfterSurveyResgistTakingProductVC.swift */ = {isa = PBXFileReference; lastKnownFileType = sourcecode.swift; path = AfterSurveyResgistTakingProductVC.swift; sourceTree = "<group>"; };
		7F5BE25723B903E400D2A70F /* TakingProductCVCell.swift */ = {isa = PBXFileReference; lastKnownFileType = sourcecode.swift; path = TakingProductCVCell.swift; sourceTree = "<group>"; };
		7F5DD44D23BD42080002DCAC /* TakingProudctService.swift */ = {isa = PBXFileReference; lastKnownFileType = sourcecode.swift; path = TakingProudctService.swift; sourceTree = "<group>"; };
		7F5DD44F23BD57780002DCAC /* ProductTapService.swift */ = {isa = PBXFileReference; lastKnownFileType = sourcecode.swift; path = ProductTapService.swift; sourceTree = "<group>"; };
		7F5DD45123BD590B0002DCAC /* ProductTapModel.swift */ = {isa = PBXFileReference; lastKnownFileType = sourcecode.swift; path = ProductTapModel.swift; sourceTree = "<group>"; };
		7F5DD45323BD66220002DCAC /* ProductSearchModel.swift */ = {isa = PBXFileReference; lastKnownFileType = sourcecode.swift; path = ProductSearchModel.swift; sourceTree = "<group>"; };
		7F5DD45523BD84300002DCAC /* ProductDetail.swift */ = {isa = PBXFileReference; lastKnownFileType = sourcecode.swift; path = ProductDetail.swift; sourceTree = "<group>"; };
		7F5DD45723BE09970002DCAC /* ProductEfficacy.swift */ = {isa = PBXFileReference; lastKnownFileType = sourcecode.swift; path = ProductEfficacy.swift; sourceTree = "<group>"; };
		7F5DD45923BE0ED80002DCAC /* ProductLowerPrice.swift */ = {isa = PBXFileReference; lastKnownFileType = sourcecode.swift; path = ProductLowerPrice.swift; sourceTree = "<group>"; };
		7F5DD45B23BE2C930002DCAC /* ProductStandard.swift */ = {isa = PBXFileReference; lastKnownFileType = sourcecode.swift; path = ProductStandard.swift; sourceTree = "<group>"; };
		7F626B7323B934C2005A4D36 /* ProductSearch.storyboard */ = {isa = PBXFileReference; lastKnownFileType = file.storyboard; path = ProductSearch.storyboard; sourceTree = "<group>"; };
		7F626B7523B941E7005A4D36 /* ProductSearchVC.swift */ = {isa = PBXFileReference; lastKnownFileType = sourcecode.swift; path = ProductSearchVC.swift; sourceTree = "<group>"; };
		7F626B7723B94E39005A4D36 /* NewProductResgistCell.swift */ = {isa = PBXFileReference; lastKnownFileType = sourcecode.swift; path = NewProductResgistCell.swift; sourceTree = "<group>"; };
		7F626B7923BA332F005A4D36 /* TakingProductInfo.storyboard */ = {isa = PBXFileReference; lastKnownFileType = file.storyboard; path = TakingProductInfo.storyboard; sourceTree = "<group>"; };
		7F626B7B23BA3C3F005A4D36 /* TakingProductInfoVC.swift */ = {isa = PBXFileReference; lastKnownFileType = sourcecode.swift; path = TakingProductInfoVC.swift; sourceTree = "<group>"; };
		7F626BBF23BA649B005A4D36 /* TopTapBarVC.swift */ = {isa = PBXFileReference; lastKnownFileType = sourcecode.swift; path = TopTapBarVC.swift; sourceTree = "<group>"; };
		7F626BC123BA6548005A4D36 /* TopTabBarResultVC.swift */ = {isa = PBXFileReference; lastKnownFileType = sourcecode.swift; path = TopTabBarResultVC.swift; sourceTree = "<group>"; };
		7F626BC323BA844E005A4D36 /* BestProductTVCell.swift */ = {isa = PBXFileReference; lastKnownFileType = sourcecode.swift; path = BestProductTVCell.swift; sourceTree = "<group>"; };
		7F90F49323BA958E008D874F /* TopTabBarCVCell.swift */ = {isa = PBXFileReference; lastKnownFileType = sourcecode.swift; path = TopTabBarCVCell.swift; sourceTree = "<group>"; };
		7F90F49523BB4F5B008D874F /* FilterPopUpVC.swift */ = {isa = PBXFileReference; lastKnownFileType = sourcecode.swift; path = FilterPopUpVC.swift; sourceTree = "<group>"; };
		7F90F49723BB75D5008D874F /* ComponentInSearchVC.swift */ = {isa = PBXFileReference; lastKnownFileType = sourcecode.swift; path = ComponentInSearchVC.swift; sourceTree = "<group>"; };
		7F90F49923BB77D9008D874F /* ComponentInSearchResultTVCell.swift */ = {isa = PBXFileReference; lastKnownFileType = sourcecode.swift; path = ComponentInSearchResultTVCell.swift; sourceTree = "<group>"; };
		7F90F49B23BBE260008D874F /* ComponentCategoryPopUpVC.swift */ = {isa = PBXFileReference; lastKnownFileType = sourcecode.swift; path = ComponentCategoryPopUpVC.swift; sourceTree = "<group>"; };
		7F90F49F23BCB4AB008D874F /* SurveyService.swift */ = {isa = PBXFileReference; lastKnownFileType = sourcecode.swift; path = SurveyService.swift; sourceTree = "<group>"; };
		7FC773A523B31CFD00449239 /* SurveySymptom.storyboard */ = {isa = PBXFileReference; lastKnownFileType = file.storyboard; path = SurveySymptom.storyboard; sourceTree = "<group>"; };
		7FC773A723B32E3E00449239 /* SurveySymptomCell.swift */ = {isa = PBXFileReference; lastKnownFileType = sourcecode.swift; path = SurveySymptomCell.swift; sourceTree = "<group>"; };
		7FC773A923B32E6E00449239 /* SurveySymptomVC.swift */ = {isa = PBXFileReference; lastKnownFileType = sourcecode.swift; path = SurveySymptomVC.swift; sourceTree = "<group>"; };
		7FC773AB23B349E100449239 /* SurveyLifeStyleEntry.storyboard */ = {isa = PBXFileReference; lastKnownFileType = file.storyboard; path = SurveyLifeStyleEntry.storyboard; sourceTree = "<group>"; };
		7FC773AF23B354B400449239 /* SurveyLifeStyleEntryVC.swift */ = {isa = PBXFileReference; lastKnownFileType = sourcecode.swift; path = SurveyLifeStyleEntryVC.swift; sourceTree = "<group>"; };
		7FC773B123B3554C00449239 /* SurveyLifeStyleFirstPoint.storyboard */ = {isa = PBXFileReference; lastKnownFileType = file.storyboard; path = SurveyLifeStyleFirstPoint.storyboard; sourceTree = "<group>"; };
		7FC773B323B3673600449239 /* SurveyLifeStyleFirstPointVC.swift */ = {isa = PBXFileReference; lastKnownFileType = sourcecode.swift; path = SurveyLifeStyleFirstPointVC.swift; sourceTree = "<group>"; };
		7FC773B523B3748D00449239 /* SurveyLifeStyleSecondPoint.storyboard */ = {isa = PBXFileReference; lastKnownFileType = file.storyboard; path = SurveyLifeStyleSecondPoint.storyboard; sourceTree = "<group>"; };
		7FCCEAC523B2BCFE00F832B8 /* SurveyDiseaseVC.swift */ = {isa = PBXFileReference; lastKnownFileType = sourcecode.swift; path = SurveyDiseaseVC.swift; sourceTree = "<group>"; };
		7FCCEAC723B2C65400F832B8 /* SurveyDiseaseCell.swift */ = {isa = PBXFileReference; lastKnownFileType = sourcecode.swift; path = SurveyDiseaseCell.swift; sourceTree = "<group>"; };
		7FF1F00B23BE9281009A32B2 /* TakingProductList.swift */ = {isa = PBXFileReference; lastKnownFileType = sourcecode.swift; path = TakingProductList.swift; sourceTree = "<group>"; };
		7FF1F00D23BE9D91009A32B2 /* TakingProductSearchList.swift */ = {isa = PBXFileReference; lastKnownFileType = sourcecode.swift; path = TakingProductSearchList.swift; sourceTree = "<group>"; };
		7FF1F00F23BEA08D009A32B2 /* TakingProductSearchResultTVCell.swift */ = {isa = PBXFileReference; lastKnownFileType = sourcecode.swift; path = TakingProductSearchResultTVCell.swift; sourceTree = "<group>"; };
		7FF1F01123BEB5C9009A32B2 /* SimpleProductResult.swift */ = {isa = PBXFileReference; lastKnownFileType = sourcecode.swift; path = SimpleProductResult.swift; sourceTree = "<group>"; };
		F41F391423BA4D0200F4BD89 /* ArticleTitleCell.swift */ = {isa = PBXFileReference; lastKnownFileType = sourcecode.swift; path = ArticleTitleCell.swift; sourceTree = "<group>"; };
		F41F391623BA4D1500F4BD89 /* ArticleImageCell.swift */ = {isa = PBXFileReference; lastKnownFileType = sourcecode.swift; path = ArticleImageCell.swift; sourceTree = "<group>"; };
		F41F391A23BA4D4000F4BD89 /* ArticleSecondContentCell.swift */ = {isa = PBXFileReference; lastKnownFileType = sourcecode.swift; path = ArticleSecondContentCell.swift; sourceTree = "<group>"; };
		F41F391C23BA4D6000F4BD89 /* ArticleFirstContentCell.swift */ = {isa = PBXFileReference; lastKnownFileType = sourcecode.swift; path = ArticleFirstContentCell.swift; sourceTree = "<group>"; };
		F41F392023BA530000F4BD89 /* TakingProductPopUp.storyboard */ = {isa = PBXFileReference; lastKnownFileType = file.storyboard; path = TakingProductPopUp.storyboard; sourceTree = "<group>"; };
		F41F392223BA532700F4BD89 /* TakingProductPopUpVC.swift */ = {isa = PBXFileReference; lastKnownFileType = sourcecode.swift; path = TakingProductPopUpVC.swift; sourceTree = "<group>"; };
		F44C3EB023B87D5B004F829A /* IngredientNameCell.swift */ = {isa = PBXFileReference; lastKnownFileType = sourcecode.swift; path = IngredientNameCell.swift; sourceTree = "<group>"; };
		F44C3EB223B87D6B004F829A /* IngredientImageCell.swift */ = {isa = PBXFileReference; lastKnownFileType = sourcecode.swift; path = IngredientImageCell.swift; sourceTree = "<group>"; };
		F44C3EB423B87D7F004F829A /* IngredientExplainCell.swift */ = {isa = PBXFileReference; lastKnownFileType = sourcecode.swift; path = IngredientExplainCell.swift; sourceTree = "<group>"; };
		F44C3EB623B87FE1004F829A /* SymptomVC.swift */ = {isa = PBXFileReference; lastKnownFileType = sourcecode.swift; path = SymptomVC.swift; sourceTree = "<group>"; };
		F44C3EBC23B89F40004F829A /* IngredientStudyVC.swift */ = {isa = PBXFileReference; lastKnownFileType = sourcecode.swift; path = IngredientStudyVC.swift; sourceTree = "<group>"; };
		F44C3EBE23B8A552004F829A /* Article.swift */ = {isa = PBXFileReference; lastKnownFileType = sourcecode.swift; path = Article.swift; sourceTree = "<group>"; };
		F44C3EC023B8A709004F829A /* IngredientStudyCell.swift */ = {isa = PBXFileReference; lastKnownFileType = sourcecode.swift; path = IngredientStudyCell.swift; sourceTree = "<group>"; };
		F44C3EC223B8A81A004F829A /* Ingredient.swift */ = {isa = PBXFileReference; lastKnownFileType = sourcecode.swift; path = Ingredient.swift; sourceTree = "<group>"; };
		F44C3EC423B8A87B004F829A /* ArticleCell.swift */ = {isa = PBXFileReference; lastKnownFileType = sourcecode.swift; path = ArticleCell.swift; sourceTree = "<group>"; };
		F44C3EC623B8BD9A004F829A /* ArticleDetailVC.swift */ = {isa = PBXFileReference; lastKnownFileType = sourcecode.swift; path = ArticleDetailVC.swift; sourceTree = "<group>"; };
		F464827F23B3673400F63712 /* Signup.storyboard */ = {isa = PBXFileReference; lastKnownFileType = file.storyboard; path = Signup.storyboard; sourceTree = "<group>"; };
		F464828123B36B8500F63712 /* SignupVC.swift */ = {isa = PBXFileReference; lastKnownFileType = sourcecode.swift; path = SignupVC.swift; sourceTree = "<group>"; };
		F464828923B3F41F00F63712 /* HomeVC.swift */ = {isa = PBXFileReference; lastKnownFileType = sourcecode.swift; path = HomeVC.swift; sourceTree = "<group>"; };
		F464828B23B3F64B00F63712 /* ProductCell.swift */ = {isa = PBXFileReference; lastKnownFileType = sourcecode.swift; path = ProductCell.swift; sourceTree = "<group>"; };
		F464828D23B3F8B100F63712 /* Product.swift */ = {isa = PBXFileReference; lastKnownFileType = sourcecode.swift; path = Product.swift; sourceTree = "<group>"; };
		F464829923B4BE3100F63712 /* User.swift */ = {isa = PBXFileReference; lastKnownFileType = sourcecode.swift; path = User.swift; sourceTree = "<group>"; };
		F464829B23B4BE8000F63712 /* UserCell.swift */ = {isa = PBXFileReference; lastKnownFileType = sourcecode.swift; path = UserCell.swift; sourceTree = "<group>"; };
		F464829F23B4DF6A00F63712 /* SelfSizedTableView.swift */ = {isa = PBXFileReference; lastKnownFileType = sourcecode.swift; path = SelfSizedTableView.swift; sourceTree = "<group>"; };
		F47860BA23BAF110003D11D1 /* SymptomCategoryCell.swift */ = {isa = PBXFileReference; lastKnownFileType = sourcecode.swift; path = SymptomCategoryCell.swift; sourceTree = "<group>"; };
		F47860BC23BAF231003D11D1 /* Symptom.swift */ = {isa = PBXFileReference; lastKnownFileType = sourcecode.swift; path = Symptom.swift; sourceTree = "<group>"; };
		F47860BE23BAF3CB003D11D1 /* SymptomCell.swift */ = {isa = PBXFileReference; lastKnownFileType = sourcecode.swift; path = SymptomCell.swift; sourceTree = "<group>"; };
		F47860C023BAF790003D11D1 /* SymptomImageCell.swift */ = {isa = PBXFileReference; lastKnownFileType = sourcecode.swift; path = SymptomImageCell.swift; sourceTree = "<group>"; };
		F47860C223BAF7A3003D11D1 /* SymptomDetailCell.swift */ = {isa = PBXFileReference; lastKnownFileType = sourcecode.swift; path = SymptomDetailCell.swift; sourceTree = "<group>"; };
		F47860C423BB6DA2003D11D1 /* APIConstants.swift */ = {isa = PBXFileReference; lastKnownFileType = sourcecode.swift; path = APIConstants.swift; sourceTree = "<group>"; };
		F47860C623BB6F78003D11D1 /* ResponseString.swift */ = {isa = PBXFileReference; lastKnownFileType = sourcecode.swift; path = ResponseString.swift; sourceTree = "<group>"; };
		F47860C823BB6FF7003D11D1 /* ResponseDefault.swift */ = {isa = PBXFileReference; lastKnownFileType = sourcecode.swift; path = ResponseDefault.swift; sourceTree = "<group>"; };
		F47860CA23BB7063003D11D1 /* AuthService.swift */ = {isa = PBXFileReference; lastKnownFileType = sourcecode.swift; path = AuthService.swift; sourceTree = "<group>"; };
		F47860CC23BB715F003D11D1 /* NetworkResult.swift */ = {isa = PBXFileReference; lastKnownFileType = sourcecode.swift; path = NetworkResult.swift; sourceTree = "<group>"; };
		F47860CE23BC95E9003D11D1 /* ResponseString2.swift */ = {isa = PBXFileReference; lastKnownFileType = sourcecode.swift; path = ResponseString2.swift; sourceTree = "<group>"; };
		F47860D423BCD904003D11D1 /* FunctionalIngeredientCell2.swift */ = {isa = PBXFileReference; lastKnownFileType = sourcecode.swift; path = FunctionalIngeredientCell2.swift; sourceTree = "<group>"; };
		F47860D623BCF5E3003D11D1 /* ResponseArray.swift */ = {isa = PBXFileReference; lastKnownFileType = sourcecode.swift; path = ResponseArray.swift; sourceTree = "<group>"; };
		F47860D823BCF6C5003D11D1 /* ChartService.swift */ = {isa = PBXFileReference; lastKnownFileType = sourcecode.swift; path = ChartService.swift; sourceTree = "<group>"; };
		F47860DA23BD4266003D11D1 /* Efficacy.swift */ = {isa = PBXFileReference; lastKnownFileType = sourcecode.swift; path = Efficacy.swift; sourceTree = "<group>"; };
		F47860DC23BD4312003D11D1 /* EfficacyService.swift */ = {isa = PBXFileReference; lastKnownFileType = sourcecode.swift; path = EfficacyService.swift; sourceTree = "<group>"; };
		F47860DE23BD8446003D11D1 /* FunctionService.swift */ = {isa = PBXFileReference; lastKnownFileType = sourcecode.swift; path = FunctionService.swift; sourceTree = "<group>"; };
		F47860E023BD88DE003D11D1 /* ResponseNutrient.swift */ = {isa = PBXFileReference; lastKnownFileType = sourcecode.swift; path = ResponseNutrient.swift; sourceTree = "<group>"; };
		F47860E223BD8B91003D11D1 /* ArticleSevice.swift */ = {isa = PBXFileReference; lastKnownFileType = sourcecode.swift; path = ArticleSevice.swift; sourceTree = "<group>"; };
		F47860E423BD9E06003D11D1 /* NutrientService.swift */ = {isa = PBXFileReference; lastKnownFileType = sourcecode.swift; path = NutrientService.swift; sourceTree = "<group>"; };
		F47860E623BDFEB8003D11D1 /* ResponseArticle.swift */ = {isa = PBXFileReference; lastKnownFileType = sourcecode.swift; path = ResponseArticle.swift; sourceTree = "<group>"; };
		F492FB4223B215B200FE5D11 /* CareDirection.app */ = {isa = PBXFileReference; explicitFileType = wrapper.application; includeInIndex = 0; path = CareDirection.app; sourceTree = BUILT_PRODUCTS_DIR; };
		F492FB4523B215B200FE5D11 /* AppDelegate.swift */ = {isa = PBXFileReference; lastKnownFileType = sourcecode.swift; path = AppDelegate.swift; sourceTree = "<group>"; };
		F492FB4723B215B200FE5D11 /* SceneDelegate.swift */ = {isa = PBXFileReference; lastKnownFileType = sourcecode.swift; path = SceneDelegate.swift; sourceTree = "<group>"; };
		F492FB4923B215B200FE5D11 /* ViewController.swift */ = {isa = PBXFileReference; lastKnownFileType = sourcecode.swift; path = ViewController.swift; sourceTree = "<group>"; };
		F492FB4C23B215B200FE5D11 /* Base */ = {isa = PBXFileReference; lastKnownFileType = file.storyboard; name = Base; path = Base.lproj/Main.storyboard; sourceTree = "<group>"; };
		F492FB4E23B215B300FE5D11 /* Assets.xcassets */ = {isa = PBXFileReference; lastKnownFileType = folder.assetcatalog; path = Assets.xcassets; sourceTree = "<group>"; };
		F492FB5123B215B300FE5D11 /* Base */ = {isa = PBXFileReference; lastKnownFileType = file.storyboard; name = Base; path = Base.lproj/LaunchScreen.storyboard; sourceTree = "<group>"; };
		F492FB5323B215B300FE5D11 /* Info.plist */ = {isa = PBXFileReference; lastKnownFileType = text.plist.xml; path = Info.plist; sourceTree = "<group>"; };
		F492FB6023B216A100FE5D11 /* UIView+Extensions.swift */ = {isa = PBXFileReference; lastKnownFileType = sourcecode.swift; path = "UIView+Extensions.swift"; sourceTree = "<group>"; };
		F492FB6223B216C900FE5D11 /* UIViewController+Extensions.swift */ = {isa = PBXFileReference; lastKnownFileType = sourcecode.swift; path = "UIViewController+Extensions.swift"; sourceTree = "<group>"; };
		F492FB6423B216FE00FE5D11 /* UIColor+Extensions.swift */ = {isa = PBXFileReference; lastKnownFileType = sourcecode.swift; path = "UIColor+Extensions.swift"; sourceTree = "<group>"; };
		F492FB6623B217E600FE5D11 /* UIImageView+Extensions.swift */ = {isa = PBXFileReference; lastKnownFileType = sourcecode.swift; path = "UIImageView+Extensions.swift"; sourceTree = "<group>"; };
		F492FB6C23B2412900FE5D11 /* Survey.storyboard */ = {isa = PBXFileReference; lastKnownFileType = file.storyboard; path = Survey.storyboard; sourceTree = "<group>"; };
		F492FB6E23B2449F00FE5D11 /* SurveyVC.swift */ = {isa = PBXFileReference; lastKnownFileType = sourcecode.swift; path = SurveyVC.swift; sourceTree = "<group>"; };
		F492FB7023B2469C00FE5D11 /* SurveyDisease.storyboard */ = {isa = PBXFileReference; lastKnownFileType = file.storyboard; path = SurveyDisease.storyboard; sourceTree = "<group>"; };
		F492FB8023B33C9E00FE5D11 /* Login.storyboard */ = {isa = PBXFileReference; lastKnownFileType = file.storyboard; path = Login.storyboard; sourceTree = "<group>"; };
		F492FB8223B340D000FE5D11 /* LoginVC.swift */ = {isa = PBXFileReference; lastKnownFileType = sourcecode.swift; path = LoginVC.swift; sourceTree = "<group>"; };
		F492FB8423B35B3F00FE5D11 /* Home.storyboard */ = {isa = PBXFileReference; lastKnownFileType = file.storyboard; path = Home.storyboard; sourceTree = "<group>"; };
		F4DC232A23B5548600A72919 /* SurveyFin.storyboard */ = {isa = PBXFileReference; lastKnownFileType = file.storyboard; path = SurveyFin.storyboard; sourceTree = "<group>"; };
		F4DC232C23B555ED00A72919 /* SurveyFin.swift */ = {isa = PBXFileReference; lastKnownFileType = sourcecode.swift; path = SurveyFin.swift; sourceTree = "<group>"; };
		F4DC232E23B57AE500A72919 /* TakingProductRegist.storyboard */ = {isa = PBXFileReference; lastKnownFileType = file.storyboard; path = TakingProductRegist.storyboard; sourceTree = "<group>"; };
		F4DC233023B60C5C00A72919 /* TakingProductRegistVC.swift */ = {isa = PBXFileReference; lastKnownFileType = sourcecode.swift; path = TakingProductRegistVC.swift; sourceTree = "<group>"; };
		F4DC233223B628C600A72919 /* TakingProduct.swift */ = {isa = PBXFileReference; lastKnownFileType = sourcecode.swift; path = TakingProduct.swift; sourceTree = "<group>"; };
		F4DC233423B62AF300A72919 /* TakingProductRegistCell.swift */ = {isa = PBXFileReference; lastKnownFileType = sourcecode.swift; path = TakingProductRegistCell.swift; sourceTree = "<group>"; };
		F4DC233623B6392F00A72919 /* AddTakingProductRegistCell.swift */ = {isa = PBXFileReference; lastKnownFileType = sourcecode.swift; path = AddTakingProductRegistCell.swift; sourceTree = "<group>"; };
		F4DC233823B6F5A000A72919 /* IngredientStudy.storyboard */ = {isa = PBXFileReference; lastKnownFileType = file.storyboard; path = IngredientStudy.storyboard; sourceTree = "<group>"; };
		F4DC233E23B7334800A72919 /* Ingredient.storyboard */ = {isa = PBXFileReference; lastKnownFileType = file.storyboard; path = Ingredient.storyboard; sourceTree = "<group>"; };
		F4DC234023B73CE800A72919 /* IngredientDetailVC.swift */ = {isa = PBXFileReference; lastKnownFileType = sourcecode.swift; path = IngredientDetailVC.swift; sourceTree = "<group>"; };
		F4DC234223B73EAE00A72919 /* Symptom.storyboard */ = {isa = PBXFileReference; lastKnownFileType = file.storyboard; path = Symptom.storyboard; sourceTree = "<group>"; };
		F4DC234423B7435900A72919 /* Article.storyboard */ = {isa = PBXFileReference; lastKnownFileType = file.storyboard; path = Article.storyboard; sourceTree = "<group>"; };
		F4DC234623B77A2700A72919 /* StandardDetail.storyboard */ = {isa = PBXFileReference; lastKnownFileType = file.storyboard; path = StandardDetail.storyboard; sourceTree = "<group>"; };
		F4DC234823B7875700A72919 /* StandardDetailVC.swift */ = {isa = PBXFileReference; lastKnownFileType = sourcecode.swift; path = StandardDetailVC.swift; sourceTree = "<group>"; };
		F4DC234A23B789F500A72919 /* FunctionDetail.storyboard */ = {isa = PBXFileReference; lastKnownFileType = file.storyboard; path = FunctionDetail.storyboard; sourceTree = "<group>"; };
		F4DC234C23B7923E00A72919 /* FunctionDetailVC.swift */ = {isa = PBXFileReference; lastKnownFileType = sourcecode.swift; path = FunctionDetailVC.swift; sourceTree = "<group>"; };
		F4DC234E23B7BD4200A72919 /* CustomImageView.swift */ = {isa = PBXFileReference; lastKnownFileType = sourcecode.swift; path = CustomImageView.swift; sourceTree = "<group>"; };
		F4DC235023B8509200A72919 /* CALayer+Extensions.swift */ = {isa = PBXFileReference; lastKnownFileType = sourcecode.swift; path = "CALayer+Extensions.swift"; sourceTree = "<group>"; };
		F4DFE47A23B8F01600711C26 /* HomeTestVC.swift */ = {isa = PBXFileReference; lastKnownFileType = sourcecode.swift; path = HomeTestVC.swift; sourceTree = "<group>"; };
		F4DFE47C23B8F9AC00711C26 /* ChartView.swift */ = {isa = PBXFileReference; lastKnownFileType = sourcecode.swift; path = ChartView.swift; sourceTree = "<group>"; };
		F4DFE47E23B8FA1600711C26 /* Chart.swift */ = {isa = PBXFileReference; lastKnownFileType = sourcecode.swift; path = Chart.swift; sourceTree = "<group>"; };
		F4DFE48023B9562A00711C26 /* Setting.storyboard */ = {isa = PBXFileReference; lastKnownFileType = file.storyboard; path = Setting.storyboard; sourceTree = "<group>"; };
		F4DFE48223B95E6B00711C26 /* SettingVC.swift */ = {isa = PBXFileReference; lastKnownFileType = sourcecode.swift; path = SettingVC.swift; sourceTree = "<group>"; };
		F4DFE48423B961AC00711C26 /* Edit.storyboard */ = {isa = PBXFileReference; lastKnownFileType = file.storyboard; path = Edit.storyboard; sourceTree = "<group>"; };
		F4DFE48623B9660B00711C26 /* EditVC.swift */ = {isa = PBXFileReference; lastKnownFileType = sourcecode.swift; path = EditVC.swift; sourceTree = "<group>"; };
		F4DFE48823B9DB6600711C26 /* FunctionalIngredient.swift */ = {isa = PBXFileReference; lastKnownFileType = sourcecode.swift; path = FunctionalIngredient.swift; sourceTree = "<group>"; };
		F4DFE48C23B9DBFB00711C26 /* FunctionalIngredientCell.swift */ = {isa = PBXFileReference; lastKnownFileType = sourcecode.swift; path = FunctionalIngredientCell.swift; sourceTree = "<group>"; };
		F4DFE49023B9FC4B00711C26 /* StandardDetailCell.swift */ = {isa = PBXFileReference; lastKnownFileType = sourcecode.swift; path = StandardDetailCell.swift; sourceTree = "<group>"; };
/* End PBXFileReference section */

/* Begin PBXFrameworksBuildPhase section */
		F492FB3F23B215B200FE5D11 /* Frameworks */ = {
			isa = PBXFrameworksBuildPhase;
			buildActionMask = 2147483647;
			files = (
				7895E335747A9CF16BD81BB0 /* Pods_CareDirection.framework in Frameworks */,
			);
			runOnlyForDeploymentPostprocessing = 0;
		};
/* End PBXFrameworksBuildPhase section */

/* Begin PBXGroup section */
		AA502ED2FD50C3F08BC4D5F4 /* Frameworks */ = {
			isa = PBXGroup;
			children = (
				7C4E747B17BA1836E487C847 /* Pods_CareDirection.framework */,
			);
			name = Frameworks;
			sourceTree = "<group>";
		};
		ED8788A754CCDD1C104A6387 /* Pods */ = {
			isa = PBXGroup;
			children = (
				7261AFEDA7F414A722F6F33D /* Pods-CareDirection.debug.xcconfig */,
				4A39791A4DB28D8A95440297 /* Pods-CareDirection.release.xcconfig */,
			);
			path = Pods;
			sourceTree = "<group>";
		};
		F492FB3923B215B200FE5D11 = {
			isa = PBXGroup;
			children = (
				F492FB4423B215B200FE5D11 /* CareDirection */,
				F492FB4323B215B200FE5D11 /* Products */,
				ED8788A754CCDD1C104A6387 /* Pods */,
				AA502ED2FD50C3F08BC4D5F4 /* Frameworks */,
			);
			sourceTree = "<group>";
		};
		F492FB4323B215B200FE5D11 /* Products */ = {
			isa = PBXGroup;
			children = (
				F492FB4223B215B200FE5D11 /* CareDirection.app */,
			);
			name = Products;
			sourceTree = "<group>";
		};
		F492FB4423B215B200FE5D11 /* CareDirection */ = {
			isa = PBXGroup;
			children = (
				F492FB5A23B215D400FE5D11 /* Resources */,
				F492FB5923B215CE00FE5D11 /* Sources */,
				F492FB4723B215B200FE5D11 /* SceneDelegate.swift */,
				F492FB4523B215B200FE5D11 /* AppDelegate.swift */,
				F492FB5323B215B300FE5D11 /* Info.plist */,
			);
			path = CareDirection;
			sourceTree = "<group>";
		};
		F492FB5923B215CE00FE5D11 /* Sources */ = {
			isa = PBXGroup;
			children = (
				F492FB5E23B2160500FE5D11 /* APIServices */,
				F492FB5D23B215FB00FE5D11 /* Model */,
				F492FB5C23B215ED00FE5D11 /* Extensions */,
				F492FB5B23B215DF00FE5D11 /* ViewControllers */,
			);
			path = Sources;
			sourceTree = "<group>";
		};
		F492FB5A23B215D400FE5D11 /* Resources */ = {
			isa = PBXGroup;
			children = (
				F492FB4E23B215B300FE5D11 /* Assets.xcassets */,
				F492FB5F23B2161500FE5D11 /* Storyboard */,
			);
			path = Resources;
			sourceTree = "<group>";
		};
		F492FB5B23B215DF00FE5D11 /* ViewControllers */ = {
			isa = PBXGroup;
			children = (
				F492FB4923B215B200FE5D11 /* ViewController.swift */,
				7F033C8523B239DE00ABD866 /* SurveyInfoVC.swift */,
				F492FB6E23B2449F00FE5D11 /* SurveyVC.swift */,
				7FCCEAC523B2BCFE00F832B8 /* SurveyDiseaseVC.swift */,
				7FCCEAC723B2C65400F832B8 /* SurveyDiseaseCell.swift */,
				F492FB8223B340D000FE5D11 /* LoginVC.swift */,
				7FC773A723B32E3E00449239 /* SurveySymptomCell.swift */,
				7FC773A923B32E6E00449239 /* SurveySymptomVC.swift */,
				7FC773AF23B354B400449239 /* SurveyLifeStyleEntryVC.swift */,
				7FC773B323B3673600449239 /* SurveyLifeStyleFirstPointVC.swift */,
				7F537CD323B37C8000115A2B /* SurveyLifeStyleSecondPointVC.swift */,
				7F537CD723B3864600115A2B /* SurveyLifeStyleThirdPointVC.swift */,
				7F537CDC23B390EC00115A2B /* SurveyLifeStyleLastPointVC.swift */,
				F464828123B36B8500F63712 /* SignupVC.swift */,
				7F537CE223B4ABCE00115A2B /* ComponentProductVC.swift */,
				7F537CE423B4AC5400115A2B /* ComponentProductCell.swift */,
				F464828923B3F41F00F63712 /* HomeVC.swift */,
				F464828B23B3F64B00F63712 /* ProductCell.swift */,
				F464829B23B4BE8000F63712 /* UserCell.swift */,
				F4DC232C23B555ED00A72919 /* SurveyFin.swift */,
				F4DC233023B60C5C00A72919 /* TakingProductRegistVC.swift */,
				F4DC233423B62AF300A72919 /* TakingProductRegistCell.swift */,
				F4DC233623B6392F00A72919 /* AddTakingProductRegistCell.swift */,
				7F58AC1B23B74B37009126B9 /* ProductDetailVC.swift */,
				7F571A5523B767B900D892B2 /* ProductFunctionCVCell.swift */,
				7F571A5723B7776300D892B2 /* ProductComponentInfoTVCell.swift */,
				7F571A5923B77F7700D892B2 /* ProductNoticeTVCell.swift */,
				7F571A5B23B783B800D892B2 /* NaverLowestPriceInfoCVCell.swift */,
				F4DC234023B73CE800A72919 /* IngredientDetailVC.swift */,
				F4DC234823B7875700A72919 /* StandardDetailVC.swift */,
				F4DC234C23B7923E00A72919 /* FunctionDetailVC.swift */,
				7F571A5D23B7E22D00D892B2 /* ProductVC.swift */,
				F44C3EB023B87D5B004F829A /* IngredientNameCell.swift */,
				F44C3EB223B87D6B004F829A /* IngredientImageCell.swift */,
				F44C3EB423B87D7F004F829A /* IngredientExplainCell.swift */,
				F44C3EB623B87FE1004F829A /* SymptomVC.swift */,
				F44C3EBC23B89F40004F829A /* IngredientStudyVC.swift */,
				F44C3EC023B8A709004F829A /* IngredientStudyCell.swift */,
				F44C3EC423B8A87B004F829A /* ArticleCell.swift */,
				F44C3EC623B8BD9A004F829A /* ArticleDetailVC.swift */,
				7F5BE25123B8D93900D2A70F /* SurveyLifeStyleFouthPointVC.swift */,
				F4DFE47A23B8F01600711C26 /* HomeTestVC.swift */,
				7F5BE25523B901FD00D2A70F /* AfterSurveyResgistTakingProductVC.swift */,
				7F5BE25723B903E400D2A70F /* TakingProductCVCell.swift */,
				7F626B7523B941E7005A4D36 /* ProductSearchVC.swift */,
				7F626B7723B94E39005A4D36 /* NewProductResgistCell.swift */,
				F4DFE48223B95E6B00711C26 /* SettingVC.swift */,
				F4DFE48623B9660B00711C26 /* EditVC.swift */,
				F4DFE48C23B9DBFB00711C26 /* FunctionalIngredientCell.swift */,
				F4DFE49023B9FC4B00711C26 /* StandardDetailCell.swift */,
				F41F391423BA4D0200F4BD89 /* ArticleTitleCell.swift */,
				F41F391623BA4D1500F4BD89 /* ArticleImageCell.swift */,
				F41F391A23BA4D4000F4BD89 /* ArticleSecondContentCell.swift */,
				F41F391C23BA4D6000F4BD89 /* ArticleFirstContentCell.swift */,
				F41F392223BA532700F4BD89 /* TakingProductPopUpVC.swift */,
				F47860BA23BAF110003D11D1 /* SymptomCategoryCell.swift */,
				F47860BE23BAF3CB003D11D1 /* SymptomCell.swift */,
				F47860C023BAF790003D11D1 /* SymptomImageCell.swift */,
				F47860C223BAF7A3003D11D1 /* SymptomDetailCell.swift */,
				7F626B7B23BA3C3F005A4D36 /* TakingProductInfoVC.swift */,
				7F626BBF23BA649B005A4D36 /* TopTapBarVC.swift */,
				7F626BC123BA6548005A4D36 /* TopTabBarResultVC.swift */,
				7F626BC323BA844E005A4D36 /* BestProductTVCell.swift */,
				7F90F49323BA958E008D874F /* TopTabBarCVCell.swift */,
				7F90F49523BB4F5B008D874F /* FilterPopUpVC.swift */,
				7F90F49723BB75D5008D874F /* ComponentInSearchVC.swift */,
				7F90F49923BB77D9008D874F /* ComponentInSearchResultTVCell.swift */,
				7F90F49B23BBE260008D874F /* ComponentCategoryPopUpVC.swift */,
				F47860D423BCD904003D11D1 /* FunctionalIngeredientCell2.swift */,
				7FF1F00F23BEA08D009A32B2 /* TakingProductSearchResultTVCell.swift */,
			);
			path = ViewControllers;
			sourceTree = "<group>";
		};
		F492FB5C23B215ED00FE5D11 /* Extensions */ = {
			isa = PBXGroup;
			children = (
				F492FB6023B216A100FE5D11 /* UIView+Extensions.swift */,
				F492FB6223B216C900FE5D11 /* UIViewController+Extensions.swift */,
				F492FB6423B216FE00FE5D11 /* UIColor+Extensions.swift */,
				F492FB6623B217E600FE5D11 /* UIImageView+Extensions.swift */,
				F464829F23B4DF6A00F63712 /* SelfSizedTableView.swift */,
				F4DC234E23B7BD4200A72919 /* CustomImageView.swift */,
				F4DC235023B8509200A72919 /* CALayer+Extensions.swift */,
				F4DFE47C23B8F9AC00711C26 /* ChartView.swift */,
			);
			path = Extensions;
			sourceTree = "<group>";
		};
		F492FB5D23B215FB00FE5D11 /* Model */ = {
			isa = PBXGroup;
			children = (
				F464828D23B3F8B100F63712 /* Product.swift */,
				F464829923B4BE3100F63712 /* User.swift */,
				F4DC233223B628C600A72919 /* TakingProduct.swift */,
				F44C3EBE23B8A552004F829A /* Article.swift */,
				F44C3EC223B8A81A004F829A /* Ingredient.swift */,
				F4DFE47E23B8FA1600711C26 /* Chart.swift */,
				F4DFE48823B9DB6600711C26 /* FunctionalIngredient.swift */,
				F47860BC23BAF231003D11D1 /* Symptom.swift */,
				F47860C623BB6F78003D11D1 /* ResponseString.swift */,
				F47860C823BB6FF7003D11D1 /* ResponseDefault.swift */,
				F47860CE23BC95E9003D11D1 /* ResponseString2.swift */,
				F47860D623BCF5E3003D11D1 /* ResponseArray.swift */,
				F47860DA23BD4266003D11D1 /* Efficacy.swift */,
				7F5DD45123BD590B0002DCAC /* ProductTapModel.swift */,
				7F5DD45323BD66220002DCAC /* ProductSearchModel.swift */,
				F47860E023BD88DE003D11D1 /* ResponseNutrient.swift */,
				F47860E623BDFEB8003D11D1 /* ResponseArticle.swift */,
				7F5DD45523BD84300002DCAC /* ProductDetail.swift */,
				7F5DD45723BE09970002DCAC /* ProductEfficacy.swift */,
				7F5DD45923BE0ED80002DCAC /* ProductLowerPrice.swift */,
				7F5DD45B23BE2C930002DCAC /* ProductStandard.swift */,
				7FF1F00B23BE9281009A32B2 /* TakingProductList.swift */,
				7FF1F00D23BE9D91009A32B2 /* TakingProductSearchList.swift */,
				7FF1F01123BEB5C9009A32B2 /* SimpleProductResult.swift */,
			);
			path = Model;
			sourceTree = "<group>";
		};
		F492FB5E23B2160500FE5D11 /* APIServices */ = {
			isa = PBXGroup;
			children = (
				F47860C423BB6DA2003D11D1 /* APIConstants.swift */,
				F47860CA23BB7063003D11D1 /* AuthService.swift */,
				F47860CC23BB715F003D11D1 /* NetworkResult.swift */,
				F47860D823BCF6C5003D11D1 /* ChartService.swift */,
				F47860DC23BD4312003D11D1 /* EfficacyService.swift */,
				7F90F49F23BCB4AB008D874F /* SurveyService.swift */,
				7F5DD44D23BD42080002DCAC /* TakingProudctService.swift */,
				7F5DD44F23BD57780002DCAC /* ProductTapService.swift */,
				F47860DE23BD8446003D11D1 /* FunctionService.swift */,
				F47860E223BD8B91003D11D1 /* ArticleSevice.swift */,
				F47860E423BD9E06003D11D1 /* NutrientService.swift */,
			);
			path = APIServices;
			sourceTree = "<group>";
		};
		F492FB5F23B2161500FE5D11 /* Storyboard */ = {
			isa = PBXGroup;
			children = (
				F492FB4B23B215B200FE5D11 /* Main.storyboard */,
				F492FB5023B215B300FE5D11 /* LaunchScreen.storyboard */,
				7F033C8323B225DE00ABD866 /* SurveyInfo.storyboard */,
				F492FB6C23B2412900FE5D11 /* Survey.storyboard */,
				F492FB7023B2469C00FE5D11 /* SurveyDisease.storyboard */,
				F492FB8023B33C9E00FE5D11 /* Login.storyboard */,
				7FC773A523B31CFD00449239 /* SurveySymptom.storyboard */,
				7FC773AB23B349E100449239 /* SurveyLifeStyleEntry.storyboard */,
				7FC773B123B3554C00449239 /* SurveyLifeStyleFirstPoint.storyboard */,
				7FC773B523B3748D00449239 /* SurveyLifeStyleSecondPoint.storyboard */,
				7F537CD523B3810000115A2B /* SurveyLifeStyleThirdPoint.storyboard */,
				7F5BE24F23B8D64B00D2A70F /* SurveyLifeStyleFouthPoint.storyboard */,
				7F537CD923B38EAB00115A2B /* SurveyLifeStyleLastPoint.storyboard */,
				F492FB8423B35B3F00FE5D11 /* Home.storyboard */,
				F464827F23B3673400F63712 /* Signup.storyboard */,
				7F537CE023B48C7700115A2B /* Product.storyboard */,
				F4DC232A23B5548600A72919 /* SurveyFin.storyboard */,
				F4DC232E23B57AE500A72919 /* TakingProductRegist.storyboard */,
				7F58ABF923B6196B009126B9 /* ProductDetail.storyboard */,
				F4DC233823B6F5A000A72919 /* IngredientStudy.storyboard */,
				F4DC233E23B7334800A72919 /* Ingredient.storyboard */,
				F4DC234223B73EAE00A72919 /* Symptom.storyboard */,
				F4DC234423B7435900A72919 /* Article.storyboard */,
				F4DC234623B77A2700A72919 /* StandardDetail.storyboard */,
				F4DC234A23B789F500A72919 /* FunctionDetail.storyboard */,
				7F5BE25323B8F31100D2A70F /* AfterSurveyResgistTakingProduct.storyboard */,
				7F626B7323B934C2005A4D36 /* ProductSearch.storyboard */,
				F4DFE48023B9562A00711C26 /* Setting.storyboard */,
				F4DFE48423B961AC00711C26 /* Edit.storyboard */,
				F41F392023BA530000F4BD89 /* TakingProductPopUp.storyboard */,
				7F626B7923BA332F005A4D36 /* TakingProductInfo.storyboard */,
			);
			path = Storyboard;
			sourceTree = "<group>";
		};
/* End PBXGroup section */

/* Begin PBXNativeTarget section */
		F492FB4123B215B200FE5D11 /* CareDirection */ = {
			isa = PBXNativeTarget;
			buildConfigurationList = F492FB5623B215B300FE5D11 /* Build configuration list for PBXNativeTarget "CareDirection" */;
			buildPhases = (
				86E306C5813487933BCF984C /* [CP] Check Pods Manifest.lock */,
				F492FB3E23B215B200FE5D11 /* Sources */,
				F492FB3F23B215B200FE5D11 /* Frameworks */,
				F492FB4023B215B200FE5D11 /* Resources */,
				F94066BCBAE0EB9AC6A43F06 /* [CP] Embed Pods Frameworks */,
			);
			buildRules = (
			);
			dependencies = (
			);
			name = CareDirection;
			productName = CareDirection;
			productReference = F492FB4223B215B200FE5D11 /* CareDirection.app */;
			productType = "com.apple.product-type.application";
		};
/* End PBXNativeTarget section */

/* Begin PBXProject section */
		F492FB3A23B215B200FE5D11 /* Project object */ = {
			isa = PBXProject;
			attributes = {
				LastSwiftUpdateCheck = 1120;
				LastUpgradeCheck = 1120;
				ORGANIZATIONNAME = SwiftHelloWorld;
				TargetAttributes = {
					F492FB4123B215B200FE5D11 = {
						CreatedOnToolsVersion = 11.2;
					};
				};
			};
			buildConfigurationList = F492FB3D23B215B200FE5D11 /* Build configuration list for PBXProject "CareDirection" */;
			compatibilityVersion = "Xcode 9.3";
			developmentRegion = en;
			hasScannedForEncodings = 0;
			knownRegions = (
				en,
				Base,
			);
			mainGroup = F492FB3923B215B200FE5D11;
			productRefGroup = F492FB4323B215B200FE5D11 /* Products */;
			projectDirPath = "";
			projectRoot = "";
			targets = (
				F492FB4123B215B200FE5D11 /* CareDirection */,
			);
		};
/* End PBXProject section */

/* Begin PBXResourcesBuildPhase section */
		F492FB4023B215B200FE5D11 /* Resources */ = {
			isa = PBXResourcesBuildPhase;
			buildActionMask = 2147483647;
			files = (
				7FC773A623B31CFD00449239 /* SurveySymptom.storyboard in Resources */,
				F492FB5223B215B300FE5D11 /* LaunchScreen.storyboard in Resources */,
				F492FB4F23B215B300FE5D11 /* Assets.xcassets in Resources */,
				7F537CDA23B38EAB00115A2B /* SurveyLifeStyleLastPoint.storyboard in Resources */,
				F4DC234323B73EAE00A72919 /* Symptom.storyboard in Resources */,
				F4DC234523B7435900A72919 /* Article.storyboard in Resources */,
				F492FB8523B35B3F00FE5D11 /* Home.storyboard in Resources */,
				F4DC233F23B7334900A72919 /* Ingredient.storyboard in Resources */,
				F492FB8123B33C9E00FE5D11 /* Login.storyboard in Resources */,
				7F5BE25423B8F31100D2A70F /* AfterSurveyResgistTakingProduct.storyboard in Resources */,
				7F626B7423B934C2005A4D36 /* ProductSearch.storyboard in Resources */,
				F4DC234B23B789F500A72919 /* FunctionDetail.storyboard in Resources */,
				7F033C8423B225DE00ABD866 /* SurveyInfo.storyboard in Resources */,
				F492FB6D23B2412900FE5D11 /* Survey.storyboard in Resources */,
				7F537CD623B3810000115A2B /* SurveyLifeStyleThirdPoint.storyboard in Resources */,
				F492FB7123B2469C00FE5D11 /* SurveyDisease.storyboard in Resources */,
				F4DFE48523B961AC00711C26 /* Edit.storyboard in Resources */,
				7F537CE123B48C7700115A2B /* Product.storyboard in Resources */,
				F4DC233923B6F5A000A72919 /* IngredientStudy.storyboard in Resources */,
				F464828023B3673400F63712 /* Signup.storyboard in Resources */,
				F4DC232F23B57AE500A72919 /* TakingProductRegist.storyboard in Resources */,
				F4DC232B23B5548600A72919 /* SurveyFin.storyboard in Resources */,
				F41F392123BA530000F4BD89 /* TakingProductPopUp.storyboard in Resources */,
				F492FB4D23B215B200FE5D11 /* Main.storyboard in Resources */,
				7F626B7A23BA332F005A4D36 /* TakingProductInfo.storyboard in Resources */,
				7FC773AC23B349E100449239 /* SurveyLifeStyleEntry.storyboard in Resources */,
				F4DC234723B77A2700A72919 /* StandardDetail.storyboard in Resources */,
				7F5BE25023B8D64B00D2A70F /* SurveyLifeStyleFouthPoint.storyboard in Resources */,
				7FC773B223B3554C00449239 /* SurveyLifeStyleFirstPoint.storyboard in Resources */,
				F4DFE48123B9562A00711C26 /* Setting.storyboard in Resources */,
				7F58ABFA23B6196B009126B9 /* ProductDetail.storyboard in Resources */,
				7FC773B623B3748D00449239 /* SurveyLifeStyleSecondPoint.storyboard in Resources */,
			);
			runOnlyForDeploymentPostprocessing = 0;
		};
/* End PBXResourcesBuildPhase section */

/* Begin PBXShellScriptBuildPhase section */
		86E306C5813487933BCF984C /* [CP] Check Pods Manifest.lock */ = {
			isa = PBXShellScriptBuildPhase;
			buildActionMask = 2147483647;
			files = (
			);
			inputFileListPaths = (
			);
			inputPaths = (
				"${PODS_PODFILE_DIR_PATH}/Podfile.lock",
				"${PODS_ROOT}/Manifest.lock",
			);
			name = "[CP] Check Pods Manifest.lock";
			outputFileListPaths = (
			);
			outputPaths = (
				"$(DERIVED_FILE_DIR)/Pods-CareDirection-checkManifestLockResult.txt",
			);
			runOnlyForDeploymentPostprocessing = 0;
			shellPath = /bin/sh;
			shellScript = "diff \"${PODS_PODFILE_DIR_PATH}/Podfile.lock\" \"${PODS_ROOT}/Manifest.lock\" > /dev/null\nif [ $? != 0 ] ; then\n    # print error to STDERR\n    echo \"error: The sandbox is not in sync with the Podfile.lock. Run 'pod install' or update your CocoaPods installation.\" >&2\n    exit 1\nfi\n# This output is used by Xcode 'outputs' to avoid re-running this script phase.\necho \"SUCCESS\" > \"${SCRIPT_OUTPUT_FILE_0}\"\n";
			showEnvVarsInLog = 0;
		};
		F94066BCBAE0EB9AC6A43F06 /* [CP] Embed Pods Frameworks */ = {
			isa = PBXShellScriptBuildPhase;
			buildActionMask = 2147483647;
			files = (
			);
			inputFileListPaths = (
				"${PODS_ROOT}/Target Support Files/Pods-CareDirection/Pods-CareDirection-frameworks-${CONFIGURATION}-input-files.xcfilelist",
			);
			name = "[CP] Embed Pods Frameworks";
			outputFileListPaths = (
				"${PODS_ROOT}/Target Support Files/Pods-CareDirection/Pods-CareDirection-frameworks-${CONFIGURATION}-output-files.xcfilelist",
			);
			runOnlyForDeploymentPostprocessing = 0;
			shellPath = /bin/sh;
			shellScript = "\"${PODS_ROOT}/Target Support Files/Pods-CareDirection/Pods-CareDirection-frameworks.sh\"\n";
			showEnvVarsInLog = 0;
		};
/* End PBXShellScriptBuildPhase section */

/* Begin PBXSourcesBuildPhase section */
		F492FB3E23B215B200FE5D11 /* Sources */ = {
			isa = PBXSourcesBuildPhase;
			buildActionMask = 2147483647;
			files = (
				7F5BE25223B8D93900D2A70F /* SurveyLifeStyleFouthPointVC.swift in Sources */,
				F47860E123BD88DE003D11D1 /* ResponseNutrient.swift in Sources */,
				7F5DD45023BD57790002DCAC /* ProductTapService.swift in Sources */,
				F4DFE48323B95E6C00711C26 /* SettingVC.swift in Sources */,
				F44C3EB723B87FE1004F829A /* SymptomVC.swift in Sources */,
				F47860DD23BD4312003D11D1 /* EfficacyService.swift in Sources */,
				F47860E323BD8B91003D11D1 /* ArticleSevice.swift in Sources */,
				F47860DB23BD4266003D11D1 /* Efficacy.swift in Sources */,
				7FC773AA23B32E6E00449239 /* SurveySymptomVC.swift in Sources */,
				7F5BE25623B901FD00D2A70F /* AfterSurveyResgistTakingProductVC.swift in Sources */,
				F464828C23B3F64B00F63712 /* ProductCell.swift in Sources */,
				F4DFE48723B9660B00711C26 /* EditVC.swift in Sources */,
				F4DFE47F23B8FA1600711C26 /* Chart.swift in Sources */,
				F47860C523BB6DA2003D11D1 /* APIConstants.swift in Sources */,
				F47860BF23BAF3CB003D11D1 /* SymptomCell.swift in Sources */,
				F47860C323BAF7A3003D11D1 /* SymptomDetailCell.swift in Sources */,
				F47860C123BAF790003D11D1 /* SymptomImageCell.swift in Sources */,
				7F033C8623B239DE00ABD866 /* SurveyInfoVC.swift in Sources */,
				7F5DD44E23BD42080002DCAC /* TakingProudctService.swift in Sources */,
				7F5DD45623BD84300002DCAC /* ProductDetail.swift in Sources */,
				F4DFE47B23B8F01600711C26 /* HomeTestVC.swift in Sources */,
				F4DC234D23B7923E00A72919 /* FunctionDetailVC.swift in Sources */,
				F47860DF23BD8446003D11D1 /* FunctionService.swift in Sources */,
				F41F391523BA4D0200F4BD89 /* ArticleTitleCell.swift in Sources */,
				F4DFE48D23B9DBFB00711C26 /* FunctionalIngredientCell.swift in Sources */,
				F492FB6F23B2449F00FE5D11 /* SurveyVC.swift in Sources */,
				F47860C723BB6F78003D11D1 /* ResponseString.swift in Sources */,
				7F5DD45C23BE2C930002DCAC /* ProductStandard.swift in Sources */,
				F44C3EC123B8A709004F829A /* IngredientStudyCell.swift in Sources */,
				F4DC233123B60C5C00A72919 /* TakingProductRegistVC.swift in Sources */,
				7F5DD45A23BE0ED80002DCAC /* ProductLowerPrice.swift in Sources */,
				F4DC233523B62AF300A72919 /* TakingProductRegistCell.swift in Sources */,
				F41F392323BA532700F4BD89 /* TakingProductPopUpVC.swift in Sources */,
				7F90F49823BB75D5008D874F /* ComponentInSearchVC.swift in Sources */,
				F41F391D23BA4D6000F4BD89 /* ArticleFirstContentCell.swift in Sources */,
				7F626B7823B94E39005A4D36 /* NewProductResgistCell.swift in Sources */,
				7F571A5823B7776300D892B2 /* ProductComponentInfoTVCell.swift in Sources */,
				F492FB8323B340D000FE5D11 /* LoginVC.swift in Sources */,
				7F571A5623B767B900D892B2 /* ProductFunctionCVCell.swift in Sources */,
				F47860BD23BAF231003D11D1 /* Symptom.swift in Sources */,
				7F5DD45823BE09970002DCAC /* ProductEfficacy.swift in Sources */,
				7FCCEAC823B2C65400F832B8 /* SurveyDiseaseCell.swift in Sources */,
				7F571A5C23B783B800D892B2 /* NaverLowestPriceInfoCVCell.swift in Sources */,
				F47860D523BCD904003D11D1 /* FunctionalIngeredientCell2.swift in Sources */,
				F44C3EBD23B89F40004F829A /* IngredientStudyVC.swift in Sources */,
				F4DFE49123B9FC4B00711C26 /* StandardDetailCell.swift in Sources */,
				7F5BE25823B903E400D2A70F /* TakingProductCVCell.swift in Sources */,
				7F90F49A23BB77D9008D874F /* ComponentInSearchResultTVCell.swift in Sources */,
				7F5DD45423BD66220002DCAC /* ProductSearchModel.swift in Sources */,
				F492FB4A23B215B200FE5D11 /* ViewController.swift in Sources */,
				7F5DD45223BD590B0002DCAC /* ProductTapModel.swift in Sources */,
				F41F391723BA4D1500F4BD89 /* ArticleImageCell.swift in Sources */,
				F46482A023B4DF6A00F63712 /* SelfSizedTableView.swift in Sources */,
				F464828223B36B8500F63712 /* SignupVC.swift in Sources */,
				F492FB6723B217E600FE5D11 /* UIImageView+Extensions.swift in Sources */,
				7F537CE323B4ABCE00115A2B /* ComponentProductVC.swift in Sources */,
				F44C3EC523B8A87B004F829A /* ArticleCell.swift in Sources */,
				F492FB6523B216FE00FE5D11 /* UIColor+Extensions.swift in Sources */,
				7F537CD423B37C8000115A2B /* SurveyLifeStyleSecondPointVC.swift in Sources */,
				7FCCEAC623B2BCFE00F832B8 /* SurveyDiseaseVC.swift in Sources */,
				F47860C923BB6FF7003D11D1 /* ResponseDefault.swift in Sources */,
				F44C3EC323B8A81A004F829A /* Ingredient.swift in Sources */,
				7FF1F01223BEB5C9009A32B2 /* SimpleProductResult.swift in Sources */,
				7F571A5A23B77F7700D892B2 /* ProductNoticeTVCell.swift in Sources */,
				F4DC234123B73CE800A72919 /* IngredientDetailVC.swift in Sources */,
				F4DFE47D23B8F9AC00711C26 /* ChartView.swift in Sources */,
				F464828E23B3F8B100F63712 /* Product.swift in Sources */,
				7F90F49423BA958E008D874F /* TopTabBarCVCell.swift in Sources */,
				F4DC235123B8509200A72919 /* CALayer+Extensions.swift in Sources */,
				F4DC234F23B7BD4200A72919 /* CustomImageView.swift in Sources */,
				F44C3EB123B87D5B004F829A /* IngredientNameCell.swift in Sources */,
				F464829C23B4BE8000F63712 /* UserCell.swift in Sources */,
				7F90F4A023BCB4AB008D874F /* SurveyService.swift in Sources */,
				F44C3EB323B87D6B004F829A /* IngredientImageCell.swift in Sources */,
				7F626B7623B941E7005A4D36 /* ProductSearchVC.swift in Sources */,
				7F626BC223BA6548005A4D36 /* TopTabBarResultVC.swift in Sources */,
				F492FB4623B215B200FE5D11 /* AppDelegate.swift in Sources */,
				F47860BB23BAF110003D11D1 /* SymptomCategoryCell.swift in Sources */,
				7FC773B023B354B400449239 /* SurveyLifeStyleEntryVC.swift in Sources */,
				F47860CF23BC95E9003D11D1 /* ResponseString2.swift in Sources */,
				7F626B7C23BA3C3F005A4D36 /* TakingProductInfoVC.swift in Sources */,
				F4DC233323B628C600A72919 /* TakingProduct.swift in Sources */,
				F492FB6323B216C900FE5D11 /* UIViewController+Extensions.swift in Sources */,
				7FF1F01023BEA08D009A32B2 /* TakingProductSearchResultTVCell.swift in Sources */,
				F4DC234923B7875700A72919 /* StandardDetailVC.swift in Sources */,
				F41F391B23BA4D4000F4BD89 /* ArticleSecondContentCell.swift in Sources */,
				F47860D923BCF6C5003D11D1 /* ChartService.swift in Sources */,
				F44C3EBF23B8A552004F829A /* Article.swift in Sources */,
				7F537CE523B4AC5400115A2B /* ComponentProductCell.swift in Sources */,
				F44C3EB523B87D7F004F829A /* IngredientExplainCell.swift in Sources */,
				F47860E723BDFEB8003D11D1 /* ResponseArticle.swift in Sources */,
				F47860CB23BB7063003D11D1 /* AuthService.swift in Sources */,
				F4DFE48923B9DB6600711C26 /* FunctionalIngredient.swift in Sources */,
				7F626BC423BA844E005A4D36 /* BestProductTVCell.swift in Sources */,
				7F90F49623BB4F5B008D874F /* FilterPopUpVC.swift in Sources */,
				7F626BC023BA649B005A4D36 /* TopTapBarVC.swift in Sources */,
				F47860D723BCF5E3003D11D1 /* ResponseArray.swift in Sources */,
				7FC773B423B3673600449239 /* SurveyLifeStyleFirstPointVC.swift in Sources */,
				F464828A23B3F41F00F63712 /* HomeVC.swift in Sources */,
				F44C3EC723B8BD9A004F829A /* ArticleDetailVC.swift in Sources */,
				7F58AC1C23B74B37009126B9 /* ProductDetailVC.swift in Sources */,
				7FC773A823B32E3E00449239 /* SurveySymptomCell.swift in Sources */,
				F47860CD23BB715F003D11D1 /* NetworkResult.swift in Sources */,
				7F537CDD23B390EC00115A2B /* SurveyLifeStyleLastPointVC.swift in Sources */,
				F464829A23B4BE3200F63712 /* User.swift in Sources */,
				7F90F49C23BBE260008D874F /* ComponentCategoryPopUpVC.swift in Sources */,
				7F571A5E23B7E22D00D892B2 /* ProductVC.swift in Sources */,
				F492FB6123B216A100FE5D11 /* UIView+Extensions.swift in Sources */,
				F4DC232D23B555ED00A72919 /* SurveyFin.swift in Sources */,
				7FF1F00E23BE9D91009A32B2 /* TakingProductSearchList.swift in Sources */,
				F492FB4823B215B200FE5D11 /* SceneDelegate.swift in Sources */,
				F4DC233723B6392F00A72919 /* AddTakingProductRegistCell.swift in Sources */,
				7FF1F00C23BE9281009A32B2 /* TakingProductList.swift in Sources */,
				F47860E523BD9E06003D11D1 /* NutrientService.swift in Sources */,
				7F537CD823B3864600115A2B /* SurveyLifeStyleThirdPointVC.swift in Sources */,
			);
			runOnlyForDeploymentPostprocessing = 0;
		};
/* End PBXSourcesBuildPhase section */

/* Begin PBXVariantGroup section */
		F492FB4B23B215B200FE5D11 /* Main.storyboard */ = {
			isa = PBXVariantGroup;
			children = (
				F492FB4C23B215B200FE5D11 /* Base */,
			);
			name = Main.storyboard;
			sourceTree = "<group>";
		};
		F492FB5023B215B300FE5D11 /* LaunchScreen.storyboard */ = {
			isa = PBXVariantGroup;
			children = (
				F492FB5123B215B300FE5D11 /* Base */,
			);
			name = LaunchScreen.storyboard;
			sourceTree = "<group>";
		};
/* End PBXVariantGroup section */

/* Begin XCBuildConfiguration section */
		F492FB5423B215B300FE5D11 /* Debug */ = {
			isa = XCBuildConfiguration;
			buildSettings = {
				ALWAYS_SEARCH_USER_PATHS = NO;
				CLANG_ANALYZER_NONNULL = YES;
				CLANG_ANALYZER_NUMBER_OBJECT_CONVERSION = YES_AGGRESSIVE;
				CLANG_CXX_LANGUAGE_STANDARD = "gnu++14";
				CLANG_CXX_LIBRARY = "libc++";
				CLANG_ENABLE_MODULES = YES;
				CLANG_ENABLE_OBJC_ARC = YES;
				CLANG_ENABLE_OBJC_WEAK = YES;
				CLANG_WARN_BLOCK_CAPTURE_AUTORELEASING = YES;
				CLANG_WARN_BOOL_CONVERSION = YES;
				CLANG_WARN_COMMA = YES;
				CLANG_WARN_CONSTANT_CONVERSION = YES;
				CLANG_WARN_DEPRECATED_OBJC_IMPLEMENTATIONS = YES;
				CLANG_WARN_DIRECT_OBJC_ISA_USAGE = YES_ERROR;
				CLANG_WARN_DOCUMENTATION_COMMENTS = YES;
				CLANG_WARN_EMPTY_BODY = YES;
				CLANG_WARN_ENUM_CONVERSION = YES;
				CLANG_WARN_INFINITE_RECURSION = YES;
				CLANG_WARN_INT_CONVERSION = YES;
				CLANG_WARN_NON_LITERAL_NULL_CONVERSION = YES;
				CLANG_WARN_OBJC_IMPLICIT_RETAIN_SELF = YES;
				CLANG_WARN_OBJC_LITERAL_CONVERSION = YES;
				CLANG_WARN_OBJC_ROOT_CLASS = YES_ERROR;
				CLANG_WARN_RANGE_LOOP_ANALYSIS = YES;
				CLANG_WARN_STRICT_PROTOTYPES = YES;
				CLANG_WARN_SUSPICIOUS_MOVE = YES;
				CLANG_WARN_UNGUARDED_AVAILABILITY = YES_AGGRESSIVE;
				CLANG_WARN_UNREACHABLE_CODE = YES;
				CLANG_WARN__DUPLICATE_METHOD_MATCH = YES;
				COPY_PHASE_STRIP = NO;
				DEBUG_INFORMATION_FORMAT = dwarf;
				ENABLE_STRICT_OBJC_MSGSEND = YES;
				ENABLE_TESTABILITY = YES;
				GCC_C_LANGUAGE_STANDARD = gnu11;
				GCC_DYNAMIC_NO_PIC = NO;
				GCC_NO_COMMON_BLOCKS = YES;
				GCC_OPTIMIZATION_LEVEL = 0;
				GCC_PREPROCESSOR_DEFINITIONS = (
					"DEBUG=1",
					"$(inherited)",
				);
				GCC_WARN_64_TO_32_BIT_CONVERSION = YES;
				GCC_WARN_ABOUT_RETURN_TYPE = YES_ERROR;
				GCC_WARN_UNDECLARED_SELECTOR = YES;
				GCC_WARN_UNINITIALIZED_AUTOS = YES_AGGRESSIVE;
				GCC_WARN_UNUSED_FUNCTION = YES;
				GCC_WARN_UNUSED_VARIABLE = YES;
				IPHONEOS_DEPLOYMENT_TARGET = 13.2;
				MTL_ENABLE_DEBUG_INFO = INCLUDE_SOURCE;
				MTL_FAST_MATH = YES;
				ONLY_ACTIVE_ARCH = YES;
				SDKROOT = iphoneos;
				SWIFT_ACTIVE_COMPILATION_CONDITIONS = DEBUG;
				SWIFT_OPTIMIZATION_LEVEL = "-Onone";
			};
			name = Debug;
		};
		F492FB5523B215B300FE5D11 /* Release */ = {
			isa = XCBuildConfiguration;
			buildSettings = {
				ALWAYS_SEARCH_USER_PATHS = NO;
				CLANG_ANALYZER_NONNULL = YES;
				CLANG_ANALYZER_NUMBER_OBJECT_CONVERSION = YES_AGGRESSIVE;
				CLANG_CXX_LANGUAGE_STANDARD = "gnu++14";
				CLANG_CXX_LIBRARY = "libc++";
				CLANG_ENABLE_MODULES = YES;
				CLANG_ENABLE_OBJC_ARC = YES;
				CLANG_ENABLE_OBJC_WEAK = YES;
				CLANG_WARN_BLOCK_CAPTURE_AUTORELEASING = YES;
				CLANG_WARN_BOOL_CONVERSION = YES;
				CLANG_WARN_COMMA = YES;
				CLANG_WARN_CONSTANT_CONVERSION = YES;
				CLANG_WARN_DEPRECATED_OBJC_IMPLEMENTATIONS = YES;
				CLANG_WARN_DIRECT_OBJC_ISA_USAGE = YES_ERROR;
				CLANG_WARN_DOCUMENTATION_COMMENTS = YES;
				CLANG_WARN_EMPTY_BODY = YES;
				CLANG_WARN_ENUM_CONVERSION = YES;
				CLANG_WARN_INFINITE_RECURSION = YES;
				CLANG_WARN_INT_CONVERSION = YES;
				CLANG_WARN_NON_LITERAL_NULL_CONVERSION = YES;
				CLANG_WARN_OBJC_IMPLICIT_RETAIN_SELF = YES;
				CLANG_WARN_OBJC_LITERAL_CONVERSION = YES;
				CLANG_WARN_OBJC_ROOT_CLASS = YES_ERROR;
				CLANG_WARN_RANGE_LOOP_ANALYSIS = YES;
				CLANG_WARN_STRICT_PROTOTYPES = YES;
				CLANG_WARN_SUSPICIOUS_MOVE = YES;
				CLANG_WARN_UNGUARDED_AVAILABILITY = YES_AGGRESSIVE;
				CLANG_WARN_UNREACHABLE_CODE = YES;
				CLANG_WARN__DUPLICATE_METHOD_MATCH = YES;
				COPY_PHASE_STRIP = NO;
				DEBUG_INFORMATION_FORMAT = "dwarf-with-dsym";
				ENABLE_NS_ASSERTIONS = NO;
				ENABLE_STRICT_OBJC_MSGSEND = YES;
				GCC_C_LANGUAGE_STANDARD = gnu11;
				GCC_NO_COMMON_BLOCKS = YES;
				GCC_WARN_64_TO_32_BIT_CONVERSION = YES;
				GCC_WARN_ABOUT_RETURN_TYPE = YES_ERROR;
				GCC_WARN_UNDECLARED_SELECTOR = YES;
				GCC_WARN_UNINITIALIZED_AUTOS = YES_AGGRESSIVE;
				GCC_WARN_UNUSED_FUNCTION = YES;
				GCC_WARN_UNUSED_VARIABLE = YES;
				IPHONEOS_DEPLOYMENT_TARGET = 13.2;
				MTL_ENABLE_DEBUG_INFO = NO;
				MTL_FAST_MATH = YES;
				SDKROOT = iphoneos;
				SWIFT_COMPILATION_MODE = wholemodule;
				SWIFT_OPTIMIZATION_LEVEL = "-O";
				VALIDATE_PRODUCT = YES;
			};
			name = Release;
		};
		F492FB5723B215B300FE5D11 /* Debug */ = {
			isa = XCBuildConfiguration;
			baseConfigurationReference = 7261AFEDA7F414A722F6F33D /* Pods-CareDirection.debug.xcconfig */;
			buildSettings = {
				ASSETCATALOG_COMPILER_APPICON_NAME = AppIcon;
				CODE_SIGN_IDENTITY = "Apple Development";
				CODE_SIGN_STYLE = Automatic;
				DEVELOPMENT_TEAM = 25UTG6U2R6;
				INFOPLIST_FILE = CareDirection/Info.plist;
				LD_RUNPATH_SEARCH_PATHS = (
					"$(inherited)",
					"@executable_path/Frameworks",
				);
				PRODUCT_BUNDLE_IDENTIFIER = jaeeun.CareDirection;
				PRODUCT_NAME = "$(TARGET_NAME)";
				PROVISIONING_PROFILE_SPECIFIER = "";
				SWIFT_VERSION = 5.0;
				TARGETED_DEVICE_FAMILY = "1,2";
			};
			name = Debug;
		};
		F492FB5823B215B300FE5D11 /* Release */ = {
			isa = XCBuildConfiguration;
			baseConfigurationReference = 4A39791A4DB28D8A95440297 /* Pods-CareDirection.release.xcconfig */;
			buildSettings = {
				ASSETCATALOG_COMPILER_APPICON_NAME = AppIcon;
				CODE_SIGN_IDENTITY = "Apple Development";
				CODE_SIGN_STYLE = Automatic;
				DEVELOPMENT_TEAM = 25UTG6U2R6;
				INFOPLIST_FILE = CareDirection/Info.plist;
				LD_RUNPATH_SEARCH_PATHS = (
					"$(inherited)",
					"@executable_path/Frameworks",
				);
				PRODUCT_BUNDLE_IDENTIFIER = jaeeun.CareDirection;
				PRODUCT_NAME = "$(TARGET_NAME)";
				PROVISIONING_PROFILE_SPECIFIER = "";
				SWIFT_VERSION = 5.0;
				TARGETED_DEVICE_FAMILY = "1,2";
			};
			name = Release;
		};
/* End XCBuildConfiguration section */

/* Begin XCConfigurationList section */
		F492FB3D23B215B200FE5D11 /* Build configuration list for PBXProject "CareDirection" */ = {
			isa = XCConfigurationList;
			buildConfigurations = (
				F492FB5423B215B300FE5D11 /* Debug */,
				F492FB5523B215B300FE5D11 /* Release */,
			);
			defaultConfigurationIsVisible = 0;
			defaultConfigurationName = Release;
		};
		F492FB5623B215B300FE5D11 /* Build configuration list for PBXNativeTarget "CareDirection" */ = {
			isa = XCConfigurationList;
			buildConfigurations = (
				F492FB5723B215B300FE5D11 /* Debug */,
				F492FB5823B215B300FE5D11 /* Release */,
			);
			defaultConfigurationIsVisible = 0;
			defaultConfigurationName = Release;
		};
/* End XCConfigurationList section */
	};
	rootObject = F492FB3A23B215B200FE5D11 /* Project object */;
}
